// !$*UTF8*$!
{
	archiveVersion = 1;
	classes = {
	};
	objectVersion = 56;
	objects = {

/* Begin PBXBuildFile section */
		52EE8C512B8F6CB400A66B03 /* ChatMLXApp.swift in Sources */ = {isa = PBXBuildFile; fileRef = 52EE8C502B8F6CB400A66B03 /* ChatMLXApp.swift */; };
		52EE8C532B8F6CB400A66B03 /* ContentView.swift in Sources */ = {isa = PBXBuildFile; fileRef = 52EE8C522B8F6CB400A66B03 /* ContentView.swift */; };
		52EE8C552B8F6CB400A66B03 /* Item.swift in Sources */ = {isa = PBXBuildFile; fileRef = 52EE8C542B8F6CB400A66B03 /* Item.swift */; };
		52EE8C572B8F6CB500A66B03 /* Assets.xcassets in Resources */ = {isa = PBXBuildFile; fileRef = 52EE8C562B8F6CB500A66B03 /* Assets.xcassets */; };
		52EE8C5A2B8F6CB500A66B03 /* Preview Assets.xcassets in Resources */ = {isa = PBXBuildFile; fileRef = 52EE8C592B8F6CB500A66B03 /* Preview Assets.xcassets */; };
		52EE8C652B8F6CB500A66B03 /* ChatMLXTests.swift in Sources */ = {isa = PBXBuildFile; fileRef = 52EE8C642B8F6CB500A66B03 /* ChatMLXTests.swift */; };
		52EE8C6F2B8F6CB500A66B03 /* ChatMLXUITests.swift in Sources */ = {isa = PBXBuildFile; fileRef = 52EE8C6E2B8F6CB500A66B03 /* ChatMLXUITests.swift */; };
		52EE8C712B8F6CB500A66B03 /* ChatMLXUITestsLaunchTests.swift in Sources */ = {isa = PBXBuildFile; fileRef = 52EE8C702B8F6CB500A66B03 /* ChatMLXUITestsLaunchTests.swift */; };
/* End PBXBuildFile section */

/* Begin PBXContainerItemProxy section */
		52EE8C612B8F6CB500A66B03 /* PBXContainerItemProxy */ = {
			isa = PBXContainerItemProxy;
			containerPortal = 52EE8C452B8F6CB400A66B03 /* Project object */;
			proxyType = 1;
			remoteGlobalIDString = 52EE8C4C2B8F6CB400A66B03;
			remoteInfo = ChatMLX;
		};
		52EE8C6B2B8F6CB500A66B03 /* PBXContainerItemProxy */ = {
			isa = PBXContainerItemProxy;
			containerPortal = 52EE8C452B8F6CB400A66B03 /* Project object */;
			proxyType = 1;
			remoteGlobalIDString = 52EE8C4C2B8F6CB400A66B03;
			remoteInfo = ChatMLX;
		};
/* End PBXContainerItemProxy section */

/* Begin PBXFileReference section */
		52EE8C4D2B8F6CB400A66B03 /* ChatMLX.app */ = {isa = PBXFileReference; explicitFileType = wrapper.application; includeInIndex = 0; path = ChatMLX.app; sourceTree = BUILT_PRODUCTS_DIR; };
		52EE8C502B8F6CB400A66B03 /* ChatMLXApp.swift */ = {isa = PBXFileReference; lastKnownFileType = sourcecode.swift; path = ChatMLXApp.swift; sourceTree = "<group>"; };
		52EE8C522B8F6CB400A66B03 /* ContentView.swift */ = {isa = PBXFileReference; lastKnownFileType = sourcecode.swift; path = ContentView.swift; sourceTree = "<group>"; };
		52EE8C542B8F6CB400A66B03 /* Item.swift */ = {isa = PBXFileReference; lastKnownFileType = sourcecode.swift; path = Item.swift; sourceTree = "<group>"; };
		52EE8C562B8F6CB500A66B03 /* Assets.xcassets */ = {isa = PBXFileReference; lastKnownFileType = folder.assetcatalog; path = Assets.xcassets; sourceTree = "<group>"; };
		52EE8C592B8F6CB500A66B03 /* Preview Assets.xcassets */ = {isa = PBXFileReference; lastKnownFileType = folder.assetcatalog; path = "Preview Assets.xcassets"; sourceTree = "<group>"; };
		52EE8C5B2B8F6CB500A66B03 /* ChatMLX.entitlements */ = {isa = PBXFileReference; lastKnownFileType = text.plist.entitlements; path = ChatMLX.entitlements; sourceTree = "<group>"; };
		52EE8C602B8F6CB500A66B03 /* ChatMLXTests.xctest */ = {isa = PBXFileReference; explicitFileType = wrapper.cfbundle; includeInIndex = 0; path = ChatMLXTests.xctest; sourceTree = BUILT_PRODUCTS_DIR; };
		52EE8C642B8F6CB500A66B03 /* ChatMLXTests.swift */ = {isa = PBXFileReference; lastKnownFileType = sourcecode.swift; path = ChatMLXTests.swift; sourceTree = "<group>"; };
		52EE8C6A2B8F6CB500A66B03 /* ChatMLXUITests.xctest */ = {isa = PBXFileReference; explicitFileType = wrapper.cfbundle; includeInIndex = 0; path = ChatMLXUITests.xctest; sourceTree = BUILT_PRODUCTS_DIR; };
		52EE8C6E2B8F6CB500A66B03 /* ChatMLXUITests.swift */ = {isa = PBXFileReference; lastKnownFileType = sourcecode.swift; path = ChatMLXUITests.swift; sourceTree = "<group>"; };
		52EE8C702B8F6CB500A66B03 /* ChatMLXUITestsLaunchTests.swift */ = {isa = PBXFileReference; lastKnownFileType = sourcecode.swift; path = ChatMLXUITestsLaunchTests.swift; sourceTree = "<group>"; };
/* End PBXFileReference section */

/* Begin PBXFrameworksBuildPhase section */
		52EE8C4A2B8F6CB400A66B03 /* Frameworks */ = {
			isa = PBXFrameworksBuildPhase;
			buildActionMask = 2147483647;
			files = (
			);
			runOnlyForDeploymentPostprocessing = 0;
		};
		52EE8C5D2B8F6CB500A66B03 /* Frameworks */ = {
			isa = PBXFrameworksBuildPhase;
			buildActionMask = 2147483647;
			files = (
			);
			runOnlyForDeploymentPostprocessing = 0;
		};
		52EE8C672B8F6CB500A66B03 /* Frameworks */ = {
			isa = PBXFrameworksBuildPhase;
			buildActionMask = 2147483647;
			files = (
			);
			runOnlyForDeploymentPostprocessing = 0;
		};
/* End PBXFrameworksBuildPhase section */

/* Begin PBXGroup section */
		52EE8C442B8F6CB400A66B03 = {
			isa = PBXGroup;
			children = (
				52EE8C4F2B8F6CB400A66B03 /* ChatMLX */,
				52EE8C632B8F6CB500A66B03 /* ChatMLXTests */,
				52EE8C6D2B8F6CB500A66B03 /* ChatMLXUITests */,
				52EE8C4E2B8F6CB400A66B03 /* Products */,
			);
			sourceTree = "<group>";
		};
		52EE8C4E2B8F6CB400A66B03 /* Products */ = {
			isa = PBXGroup;
			children = (
				52EE8C4D2B8F6CB400A66B03 /* ChatMLX.app */,
				52EE8C602B8F6CB500A66B03 /* ChatMLXTests.xctest */,
				52EE8C6A2B8F6CB500A66B03 /* ChatMLXUITests.xctest */,
			);
			name = Products;
			sourceTree = "<group>";
		};
		52EE8C4F2B8F6CB400A66B03 /* ChatMLX */ = {
			isa = PBXGroup;
			children = (
				52EE8C502B8F6CB400A66B03 /* ChatMLXApp.swift */,
				52EE8C522B8F6CB400A66B03 /* ContentView.swift */,
				52EE8C542B8F6CB400A66B03 /* Item.swift */,
				52EE8C562B8F6CB500A66B03 /* Assets.xcassets */,
				52EE8C5B2B8F6CB500A66B03 /* ChatMLX.entitlements */,
				52EE8C582B8F6CB500A66B03 /* Preview Content */,
			);
			path = ChatMLX;
			sourceTree = "<group>";
		};
		52EE8C582B8F6CB500A66B03 /* Preview Content */ = {
			isa = PBXGroup;
			children = (
				52EE8C592B8F6CB500A66B03 /* Preview Assets.xcassets */,
			);
			path = "Preview Content";
			sourceTree = "<group>";
		};
		52EE8C632B8F6CB500A66B03 /* ChatMLXTests */ = {
			isa = PBXGroup;
			children = (
				52EE8C642B8F6CB500A66B03 /* ChatMLXTests.swift */,
			);
			path = ChatMLXTests;
			sourceTree = "<group>";
		};
		52EE8C6D2B8F6CB500A66B03 /* ChatMLXUITests */ = {
			isa = PBXGroup;
			children = (
				52EE8C6E2B8F6CB500A66B03 /* ChatMLXUITests.swift */,
				52EE8C702B8F6CB500A66B03 /* ChatMLXUITestsLaunchTests.swift */,
			);
			path = ChatMLXUITests;
			sourceTree = "<group>";
		};
/* End PBXGroup section */

/* Begin PBXNativeTarget section */
		52EE8C4C2B8F6CB400A66B03 /* ChatMLX */ = {
			isa = PBXNativeTarget;
			buildConfigurationList = 52EE8C742B8F6CB500A66B03 /* Build configuration list for PBXNativeTarget "ChatMLX" */;
			buildPhases = (
				52EE8C492B8F6CB400A66B03 /* Sources */,
				52EE8C4A2B8F6CB400A66B03 /* Frameworks */,
				52EE8C4B2B8F6CB400A66B03 /* Resources */,
			);
			buildRules = (
			);
			dependencies = (
			);
			name = ChatMLX;
			productName = ChatMLX;
			productReference = 52EE8C4D2B8F6CB400A66B03 /* ChatMLX.app */;
			productType = "com.apple.product-type.application";
		};
		52EE8C5F2B8F6CB500A66B03 /* ChatMLXTests */ = {
			isa = PBXNativeTarget;
			buildConfigurationList = 52EE8C772B8F6CB500A66B03 /* Build configuration list for PBXNativeTarget "ChatMLXTests" */;
			buildPhases = (
				52EE8C5C2B8F6CB500A66B03 /* Sources */,
				52EE8C5D2B8F6CB500A66B03 /* Frameworks */,
				52EE8C5E2B8F6CB500A66B03 /* Resources */,
			);
			buildRules = (
			);
			dependencies = (
				52EE8C622B8F6CB500A66B03 /* PBXTargetDependency */,
			);
			name = ChatMLXTests;
			productName = ChatMLXTests;
			productReference = 52EE8C602B8F6CB500A66B03 /* ChatMLXTests.xctest */;
			productType = "com.apple.product-type.bundle.unit-test";
		};
		52EE8C692B8F6CB500A66B03 /* ChatMLXUITests */ = {
			isa = PBXNativeTarget;
			buildConfigurationList = 52EE8C7A2B8F6CB500A66B03 /* Build configuration list for PBXNativeTarget "ChatMLXUITests" */;
			buildPhases = (
				52EE8C662B8F6CB500A66B03 /* Sources */,
				52EE8C672B8F6CB500A66B03 /* Frameworks */,
				52EE8C682B8F6CB500A66B03 /* Resources */,
			);
			buildRules = (
			);
			dependencies = (
				52EE8C6C2B8F6CB500A66B03 /* PBXTargetDependency */,
			);
			name = ChatMLXUITests;
			productName = ChatMLXUITests;
			productReference = 52EE8C6A2B8F6CB500A66B03 /* ChatMLXUITests.xctest */;
			productType = "com.apple.product-type.bundle.ui-testing";
		};
/* End PBXNativeTarget section */

/* Begin PBXProject section */
		52EE8C452B8F6CB400A66B03 /* Project object */ = {
			isa = PBXProject;
			attributes = {
				BuildIndependentTargetsInParallel = 1;
				LastSwiftUpdateCheck = 1520;
				LastUpgradeCheck = 1520;
				TargetAttributes = {
					52EE8C4C2B8F6CB400A66B03 = {
						CreatedOnToolsVersion = 15.2;
					};
					52EE8C5F2B8F6CB500A66B03 = {
						CreatedOnToolsVersion = 15.2;
						TestTargetID = 52EE8C4C2B8F6CB400A66B03;
					};
					52EE8C692B8F6CB500A66B03 = {
						CreatedOnToolsVersion = 15.2;
						TestTargetID = 52EE8C4C2B8F6CB400A66B03;
					};
				};
			};
			buildConfigurationList = 52EE8C482B8F6CB400A66B03 /* Build configuration list for PBXProject "ChatMLX" */;
			compatibilityVersion = "Xcode 14.0";
			developmentRegion = en;
			hasScannedForEncodings = 0;
			knownRegions = (
				en,
				Base,
			);
			mainGroup = 52EE8C442B8F6CB400A66B03;
			productRefGroup = 52EE8C4E2B8F6CB400A66B03 /* Products */;
			projectDirPath = "";
			projectRoot = "";
			targets = (
				52EE8C4C2B8F6CB400A66B03 /* ChatMLX */,
				52EE8C5F2B8F6CB500A66B03 /* ChatMLXTests */,
				52EE8C692B8F6CB500A66B03 /* ChatMLXUITests */,
			);
		};
/* End PBXProject section */

/* Begin PBXResourcesBuildPhase section */
		52EE8C4B2B8F6CB400A66B03 /* Resources */ = {
			isa = PBXResourcesBuildPhase;
			buildActionMask = 2147483647;
			files = (
				52EE8C5A2B8F6CB500A66B03 /* Preview Assets.xcassets in Resources */,
				52EE8C572B8F6CB500A66B03 /* Assets.xcassets in Resources */,
			);
			runOnlyForDeploymentPostprocessing = 0;
		};
		52EE8C5E2B8F6CB500A66B03 /* Resources */ = {
			isa = PBXResourcesBuildPhase;
			buildActionMask = 2147483647;
			files = (
			);
			runOnlyForDeploymentPostprocessing = 0;
		};
		52EE8C682B8F6CB500A66B03 /* Resources */ = {
			isa = PBXResourcesBuildPhase;
			buildActionMask = 2147483647;
			files = (
			);
			runOnlyForDeploymentPostprocessing = 0;
		};
/* End PBXResourcesBuildPhase section */

/* Begin PBXSourcesBuildPhase section */
		52EE8C492B8F6CB400A66B03 /* Sources */ = {
			isa = PBXSourcesBuildPhase;
			buildActionMask = 2147483647;
			files = (
				52EE8C532B8F6CB400A66B03 /* ContentView.swift in Sources */,
				52EE8C552B8F6CB400A66B03 /* Item.swift in Sources */,
				52EE8C512B8F6CB400A66B03 /* ChatMLXApp.swift in Sources */,
			);
			runOnlyForDeploymentPostprocessing = 0;
		};
		52EE8C5C2B8F6CB500A66B03 /* Sources */ = {
			isa = PBXSourcesBuildPhase;
			buildActionMask = 2147483647;
			files = (
				52EE8C652B8F6CB500A66B03 /* ChatMLXTests.swift in Sources */,
			);
			runOnlyForDeploymentPostprocessing = 0;
		};
		52EE8C662B8F6CB500A66B03 /* Sources */ = {
			isa = PBXSourcesBuildPhase;
			buildActionMask = 2147483647;
			files = (
				52EE8C712B8F6CB500A66B03 /* ChatMLXUITestsLaunchTests.swift in Sources */,
				52EE8C6F2B8F6CB500A66B03 /* ChatMLXUITests.swift in Sources */,
			);
			runOnlyForDeploymentPostprocessing = 0;
		};
/* End PBXSourcesBuildPhase section */

/* Begin PBXTargetDependency section */
		52EE8C622B8F6CB500A66B03 /* PBXTargetDependency */ = {
			isa = PBXTargetDependency;
			target = 52EE8C4C2B8F6CB400A66B03 /* ChatMLX */;
			targetProxy = 52EE8C612B8F6CB500A66B03 /* PBXContainerItemProxy */;
		};
		52EE8C6C2B8F6CB500A66B03 /* PBXTargetDependency */ = {
			isa = PBXTargetDependency;
			target = 52EE8C4C2B8F6CB400A66B03 /* ChatMLX */;
			targetProxy = 52EE8C6B2B8F6CB500A66B03 /* PBXContainerItemProxy */;
		};
/* End PBXTargetDependency section */

/* Begin XCBuildConfiguration section */
		52EE8C722B8F6CB500A66B03 /* Debug */ = {
			isa = XCBuildConfiguration;
			buildSettings = {
				ALWAYS_SEARCH_USER_PATHS = NO;
				ASSETCATALOG_COMPILER_GENERATE_SWIFT_ASSET_SYMBOL_EXTENSIONS = YES;
				CLANG_ANALYZER_NONNULL = YES;
				CLANG_ANALYZER_NUMBER_OBJECT_CONVERSION = YES_AGGRESSIVE;
				CLANG_CXX_LANGUAGE_STANDARD = "gnu++20";
				CLANG_ENABLE_MODULES = YES;
				CLANG_ENABLE_OBJC_ARC = YES;
				CLANG_ENABLE_OBJC_WEAK = YES;
				CLANG_WARN_BLOCK_CAPTURE_AUTORELEASING = YES;
				CLANG_WARN_BOOL_CONVERSION = YES;
				CLANG_WARN_COMMA = YES;
				CLANG_WARN_CONSTANT_CONVERSION = YES;
				CLANG_WARN_DEPRECATED_OBJC_IMPLEMENTATIONS = YES;
				CLANG_WARN_DIRECT_OBJC_ISA_USAGE = YES_ERROR;
				CLANG_WARN_DOCUMENTATION_COMMENTS = YES;
				CLANG_WARN_EMPTY_BODY = YES;
				CLANG_WARN_ENUM_CONVERSION = YES;
				CLANG_WARN_INFINITE_RECURSION = YES;
				CLANG_WARN_INT_CONVERSION = YES;
				CLANG_WARN_NON_LITERAL_NULL_CONVERSION = YES;
				CLANG_WARN_OBJC_IMPLICIT_RETAIN_SELF = YES;
				CLANG_WARN_OBJC_LITERAL_CONVERSION = YES;
				CLANG_WARN_OBJC_ROOT_CLASS = YES_ERROR;
				CLANG_WARN_QUOTED_INCLUDE_IN_FRAMEWORK_HEADER = YES;
				CLANG_WARN_RANGE_LOOP_ANALYSIS = YES;
				CLANG_WARN_STRICT_PROTOTYPES = YES;
				CLANG_WARN_SUSPICIOUS_MOVE = YES;
				CLANG_WARN_UNGUARDED_AVAILABILITY = YES_AGGRESSIVE;
				CLANG_WARN_UNREACHABLE_CODE = YES;
				CLANG_WARN__DUPLICATE_METHOD_MATCH = YES;
				COPY_PHASE_STRIP = NO;
				DEBUG_INFORMATION_FORMAT = dwarf;
				ENABLE_STRICT_OBJC_MSGSEND = YES;
				ENABLE_TESTABILITY = YES;
				ENABLE_USER_SCRIPT_SANDBOXING = YES;
				GCC_C_LANGUAGE_STANDARD = gnu17;
				GCC_DYNAMIC_NO_PIC = NO;
				GCC_NO_COMMON_BLOCKS = YES;
				GCC_OPTIMIZATION_LEVEL = 0;
				GCC_PREPROCESSOR_DEFINITIONS = (
					"DEBUG=1",
					"$(inherited)",
				);
				GCC_WARN_64_TO_32_BIT_CONVERSION = YES;
				GCC_WARN_ABOUT_RETURN_TYPE = YES_ERROR;
				GCC_WARN_UNDECLARED_SELECTOR = YES;
				GCC_WARN_UNINITIALIZED_AUTOS = YES_AGGRESSIVE;
				GCC_WARN_UNUSED_FUNCTION = YES;
				GCC_WARN_UNUSED_VARIABLE = YES;
				LOCALIZATION_PREFERS_STRING_CATALOGS = YES;
				MACOSX_DEPLOYMENT_TARGET = 14.2;
				MTL_ENABLE_DEBUG_INFO = INCLUDE_SOURCE;
				MTL_FAST_MATH = YES;
				ONLY_ACTIVE_ARCH = YES;
				SDKROOT = macosx;
				SWIFT_ACTIVE_COMPILATION_CONDITIONS = "DEBUG $(inherited)";
				SWIFT_OPTIMIZATION_LEVEL = "-Onone";
			};
			name = Debug;
		};
		52EE8C732B8F6CB500A66B03 /* Release */ = {
			isa = XCBuildConfiguration;
			buildSettings = {
				ALWAYS_SEARCH_USER_PATHS = NO;
				ASSETCATALOG_COMPILER_GENERATE_SWIFT_ASSET_SYMBOL_EXTENSIONS = YES;
				CLANG_ANALYZER_NONNULL = YES;
				CLANG_ANALYZER_NUMBER_OBJECT_CONVERSION = YES_AGGRESSIVE;
				CLANG_CXX_LANGUAGE_STANDARD = "gnu++20";
				CLANG_ENABLE_MODULES = YES;
				CLANG_ENABLE_OBJC_ARC = YES;
				CLANG_ENABLE_OBJC_WEAK = YES;
				CLANG_WARN_BLOCK_CAPTURE_AUTORELEASING = YES;
				CLANG_WARN_BOOL_CONVERSION = YES;
				CLANG_WARN_COMMA = YES;
				CLANG_WARN_CONSTANT_CONVERSION = YES;
				CLANG_WARN_DEPRECATED_OBJC_IMPLEMENTATIONS = YES;
				CLANG_WARN_DIRECT_OBJC_ISA_USAGE = YES_ERROR;
				CLANG_WARN_DOCUMENTATION_COMMENTS = YES;
				CLANG_WARN_EMPTY_BODY = YES;
				CLANG_WARN_ENUM_CONVERSION = YES;
				CLANG_WARN_INFINITE_RECURSION = YES;
				CLANG_WARN_INT_CONVERSION = YES;
				CLANG_WARN_NON_LITERAL_NULL_CONVERSION = YES;
				CLANG_WARN_OBJC_IMPLICIT_RETAIN_SELF = YES;
				CLANG_WARN_OBJC_LITERAL_CONVERSION = YES;
				CLANG_WARN_OBJC_ROOT_CLASS = YES_ERROR;
				CLANG_WARN_QUOTED_INCLUDE_IN_FRAMEWORK_HEADER = YES;
				CLANG_WARN_RANGE_LOOP_ANALYSIS = YES;
				CLANG_WARN_STRICT_PROTOTYPES = YES;
				CLANG_WARN_SUSPICIOUS_MOVE = YES;
				CLANG_WARN_UNGUARDED_AVAILABILITY = YES_AGGRESSIVE;
				CLANG_WARN_UNREACHABLE_CODE = YES;
				CLANG_WARN__DUPLICATE_METHOD_MATCH = YES;
				COPY_PHASE_STRIP = NO;
				DEBUG_INFORMATION_FORMAT = "dwarf-with-dsym";
				ENABLE_NS_ASSERTIONS = NO;
				ENABLE_STRICT_OBJC_MSGSEND = YES;
				ENABLE_USER_SCRIPT_SANDBOXING = YES;
				GCC_C_LANGUAGE_STANDARD = gnu17;
				GCC_NO_COMMON_BLOCKS = YES;
				GCC_WARN_64_TO_32_BIT_CONVERSION = YES;
				GCC_WARN_ABOUT_RETURN_TYPE = YES_ERROR;
				GCC_WARN_UNDECLARED_SELECTOR = YES;
				GCC_WARN_UNINITIALIZED_AUTOS = YES_AGGRESSIVE;
				GCC_WARN_UNUSED_FUNCTION = YES;
				GCC_WARN_UNUSED_VARIABLE = YES;
				LOCALIZATION_PREFERS_STRING_CATALOGS = YES;
				MACOSX_DEPLOYMENT_TARGET = 14.2;
				MTL_ENABLE_DEBUG_INFO = NO;
				MTL_FAST_MATH = YES;
				SDKROOT = macosx;
				SWIFT_COMPILATION_MODE = wholemodule;
			};
			name = Release;
		};
		52EE8C752B8F6CB500A66B03 /* Debug */ = {
			isa = XCBuildConfiguration;
			buildSettings = {
				ASSETCATALOG_COMPILER_APPICON_NAME = AppIcon;
				ASSETCATALOG_COMPILER_GLOBAL_ACCENT_COLOR_NAME = AccentColor;
				CODE_SIGN_ENTITLEMENTS = ChatMLX/ChatMLX.entitlements;
				CODE_SIGN_STYLE = Automatic;
				COMBINE_HIDPI_IMAGES = YES;
				CURRENT_PROJECT_VERSION = 1;
				DEVELOPMENT_ASSET_PATHS = "\"ChatMLX/Preview Content\"";
				DEVELOPMENT_TEAM = RFGFKQEKRH;
				ENABLE_HARDENED_RUNTIME = YES;
				ENABLE_PREVIEWS = YES;
				GENERATE_INFOPLIST_FILE = YES;
				INFOPLIST_KEY_NSHumanReadableCopyright = "";
				LD_RUNPATH_SEARCH_PATHS = (
					"$(inherited)",
					"@executable_path/../Frameworks",
				);
				MACOSX_DEPLOYMENT_TARGET = 14.0;
				MARKETING_VERSION = 1.0;
				PRODUCT_BUNDLE_IDENTIFIER = top.johnmai.ChatMLX;
				PRODUCT_NAME = "$(TARGET_NAME)";
				SWIFT_EMIT_LOC_STRINGS = YES;
				SWIFT_VERSION = 5.0;
			};
			name = Debug;
		};
		52EE8C762B8F6CB500A66B03 /* Release */ = {
			isa = XCBuildConfiguration;
			buildSettings = {
				ASSETCATALOG_COMPILER_APPICON_NAME = AppIcon;
				ASSETCATALOG_COMPILER_GLOBAL_ACCENT_COLOR_NAME = AccentColor;
				CODE_SIGN_ENTITLEMENTS = ChatMLX/ChatMLX.entitlements;
				CODE_SIGN_STYLE = Automatic;
				COMBINE_HIDPI_IMAGES = YES;
				CURRENT_PROJECT_VERSION = 1;
				DEVELOPMENT_ASSET_PATHS = "\"ChatMLX/Preview Content\"";
				DEVELOPMENT_TEAM = RFGFKQEKRH;
				ENABLE_HARDENED_RUNTIME = YES;
				ENABLE_PREVIEWS = YES;
				GENERATE_INFOPLIST_FILE = YES;
				INFOPLIST_KEY_NSHumanReadableCopyright = "";
				LD_RUNPATH_SEARCH_PATHS = (
					"$(inherited)",
					"@executable_path/../Frameworks",
				);
				MACOSX_DEPLOYMENT_TARGET = 14.0;
				MARKETING_VERSION = 1.0;
				PRODUCT_BUNDLE_IDENTIFIER = top.johnmai.ChatMLX;
				PRODUCT_NAME = "$(TARGET_NAME)";
				SWIFT_EMIT_LOC_STRINGS = YES;
				SWIFT_VERSION = 5.0;
			};
			name = Release;
		};
		52EE8C782B8F6CB500A66B03 /* Debug */ = {
			isa = XCBuildConfiguration;
			buildSettings = {
				ALWAYS_EMBED_SWIFT_STANDARD_LIBRARIES = YES;
				BUNDLE_LOADER = "$(TEST_HOST)";
				CODE_SIGN_STYLE = Automatic;
				CURRENT_PROJECT_VERSION = 1;
				DEVELOPMENT_TEAM = RFGFKQEKRH;
				GENERATE_INFOPLIST_FILE = YES;
				MACOSX_DEPLOYMENT_TARGET = 14.0;
				MARKETING_VERSION = 1.0;
				PRODUCT_BUNDLE_IDENTIFIER = top.johnmai.ChatMLXTests;
				PRODUCT_NAME = "$(TARGET_NAME)";
				SWIFT_EMIT_LOC_STRINGS = NO;
				SWIFT_VERSION = 5.0;
				TEST_HOST = "$(BUILT_PRODUCTS_DIR)/ChatMLX.app/$(BUNDLE_EXECUTABLE_FOLDER_PATH)/ChatMLX";
			};
			name = Debug;
		};
		52EE8C792B8F6CB500A66B03 /* Release */ = {
			isa = XCBuildConfiguration;
			buildSettings = {
				ALWAYS_EMBED_SWIFT_STANDARD_LIBRARIES = YES;
				BUNDLE_LOADER = "$(TEST_HOST)";
				CODE_SIGN_STYLE = Automatic;
				CURRENT_PROJECT_VERSION = 1;
				DEVELOPMENT_TEAM = RFGFKQEKRH;
				GENERATE_INFOPLIST_FILE = YES;
				MACOSX_DEPLOYMENT_TARGET = 14.0;
				MARKETING_VERSION = 1.0;
				PRODUCT_BUNDLE_IDENTIFIER = top.johnmai.ChatMLXTests;
				PRODUCT_NAME = "$(TARGET_NAME)";
				SWIFT_EMIT_LOC_STRINGS = NO;
				SWIFT_VERSION = 5.0;
				TEST_HOST = "$(BUILT_PRODUCTS_DIR)/ChatMLX.app/$(BUNDLE_EXECUTABLE_FOLDER_PATH)/ChatMLX";
			};
			name = Release;
		};
		52EE8C7B2B8F6CB500A66B03 /* Debug */ = {
			isa = XCBuildConfiguration;
			buildSettings = {
				ALWAYS_EMBED_SWIFT_STANDARD_LIBRARIES = YES;
				CODE_SIGN_STYLE = Automatic;
				CURRENT_PROJECT_VERSION = 1;
				DEVELOPMENT_TEAM = RFGFKQEKRH;
				GENERATE_INFOPLIST_FILE = YES;
				MARKETING_VERSION = 1.0;
				PRODUCT_BUNDLE_IDENTIFIER = top.johnmai.ChatMLXUITests;
				PRODUCT_NAME = "$(TARGET_NAME)";
				SWIFT_EMIT_LOC_STRINGS = NO;
				SWIFT_VERSION = 5.0;
				TEST_TARGET_NAME = ChatMLX;
			};
			name = Debug;
		};
		52EE8C7C2B8F6CB500A66B03 /* Release */ = {
			isa = XCBuildConfiguration;
			buildSettings = {
				ALWAYS_EMBED_SWIFT_STANDARD_LIBRARIES = YES;
				CODE_SIGN_STYLE = Automatic;
				CURRENT_PROJECT_VERSION = 1;
				DEVELOPMENT_TEAM = RFGFKQEKRH;
				GENERATE_INFOPLIST_FILE = YES;
				MARKETING_VERSION = 1.0;
				PRODUCT_BUNDLE_IDENTIFIER = top.johnmai.ChatMLXUITests;
				PRODUCT_NAME = "$(TARGET_NAME)";
				SWIFT_EMIT_LOC_STRINGS = NO;
				SWIFT_VERSION = 5.0;
				TEST_TARGET_NAME = ChatMLX;
			};
			name = Release;
		};
/* End XCBuildConfiguration section */

/* Begin XCConfigurationList section */
		52EE8C482B8F6CB400A66B03 /* Build configuration list for PBXProject "ChatMLX" */ = {
			isa = XCConfigurationList;
			buildConfigurations = (
				52EE8C722B8F6CB500A66B03 /* Debug */,
				52EE8C732B8F6CB500A66B03 /* Release */,
			);
			defaultConfigurationIsVisible = 0;
			defaultConfigurationName = Release;
		};
		52EE8C742B8F6CB500A66B03 /* Build configuration list for PBXNativeTarget "ChatMLX" */ = {
			isa = XCConfigurationList;
			buildConfigurations = (
				52EE8C752B8F6CB500A66B03 /* Debug */,
				52EE8C762B8F6CB500A66B03 /* Release */,
			);
			defaultConfigurationIsVisible = 0;
			defaultConfigurationName = Release;
		};
		52EE8C772B8F6CB500A66B03 /* Build configuration list for PBXNativeTarget "ChatMLXTests" */ = {
			isa = XCConfigurationList;
			buildConfigurations = (
				52EE8C782B8F6CB500A66B03 /* Debug */,
				52EE8C792B8F6CB500A66B03 /* Release */,
			);
			defaultConfigurationIsVisible = 0;
			defaultConfigurationName = Release;
		};
		52EE8C7A2B8F6CB500A66B03 /* Build configuration list for PBXNativeTarget "ChatMLXUITests" */ = {
			isa = XCConfigurationList;
			buildConfigurations = (
				52EE8C7B2B8F6CB500A66B03 /* Debug */,
				52EE8C7C2B8F6CB500A66B03 /* Release */,
			);
			defaultConfigurationIsVisible = 0;
			defaultConfigurationName = Release;
		};
/* End XCConfigurationList section */
	};
	rootObject = 52EE8C452B8F6CB400A66B03 /* Project object */;
}
