// !$*UTF8*$!
{
	archiveVersion = 1;
	classes = {
	};
	objectVersion = 56;
	objects = {

/* Begin PBXBuildFile section */
		523D8C512C9C7FCC0092791C /* Transformers in Frameworks */ = {isa = PBXBuildFile; productRef = 523D8C502C9C7FCC0092791C /* Transformers */; };
		526675462C85EDCB001EF113 /* ChatMLXApp.swift in Sources */ = {isa = PBXBuildFile; fileRef = 526675452C85EDCB001EF113 /* ChatMLXApp.swift */; };
		5266754D2C85EDCC001EF113 /* Preview Assets.xcassets in Resources */ = {isa = PBXBuildFile; fileRef = 5266754C2C85EDCC001EF113 /* Preview Assets.xcassets */; };
		526675622C85EFB3001EF113 /* Alamofire in Frameworks */ = {isa = PBXBuildFile; productRef = 526675612C85EFB3001EF113 /* Alamofire */; };
		526675652C85EFC7001EF113 /* AlertToast in Frameworks */ = {isa = PBXBuildFile; productRef = 526675642C85EFC7001EF113 /* AlertToast */; };
		526675682C85EFDF001EF113 /* CompactSlider in Frameworks */ = {isa = PBXBuildFile; productRef = 526675672C85EFDF001EF113 /* CompactSlider */; };
		5266756B2C85F0E8001EF113 /* Defaults in Frameworks */ = {isa = PBXBuildFile; productRef = 5266756A2C85F0E8001EF113 /* Defaults */; };
		5266756E2C85F0FF001EF113 /* Luminare in Frameworks */ = {isa = PBXBuildFile; productRef = 5266756D2C85F0FF001EF113 /* Luminare */; };
		526675742C85F1F9001EF113 /* Splash in Frameworks */ = {isa = PBXBuildFile; productRef = 526675732C85F1F9001EF113 /* Splash */; };
		526675772C85F26B001EF113 /* Logging in Frameworks */ = {isa = PBXBuildFile; productRef = 526675762C85F26B001EF113 /* Logging */; };
		5266757A2C85F487001EF113 /* MarkdownUI in Frameworks */ = {isa = PBXBuildFile; productRef = 526675792C85F487001EF113 /* MarkdownUI */; };
		5266757D2C85F54D001EF113 /* SwiftUIIntrospect in Frameworks */ = {isa = PBXBuildFile; productRef = 5266757C2C85F54D001EF113 /* SwiftUIIntrospect */; };
		526676402C85F903001EF113 /* Assets.xcassets in Resources */ = {isa = PBXBuildFile; fileRef = 526675FD2C85F903001EF113 /* Assets.xcassets */; };
		526676412C85F903001EF113 /* SplashCodeSyntaxHighlighter.swift in Sources */ = {isa = PBXBuildFile; fileRef = 526675FE2C85F903001EF113 /* SplashCodeSyntaxHighlighter.swift */; };
		526676422C85F903001EF113 /* TextOutputFormat.swift in Sources */ = {isa = PBXBuildFile; fileRef = 526675FF2C85F903001EF113 /* TextOutputFormat.swift */; };
		526676432C85F903001EF113 /* EffectView.swift in Sources */ = {isa = PBXBuildFile; fileRef = 526676012C85F903001EF113 /* EffectView.swift */; };
		526676442C85F903001EF113 /* UltramanMinimalistWindowModifier.swift in Sources */ = {isa = PBXBuildFile; fileRef = 526676022C85F903001EF113 /* UltramanMinimalistWindowModifier.swift */; };
		526676452C85F903001EF113 /* UltramanNavigationSplitView.swift in Sources */ = {isa = PBXBuildFile; fileRef = 526676032C85F903001EF113 /* UltramanNavigationSplitView.swift */; };
		526676462C85F903001EF113 /* UltramanSecureField.swift in Sources */ = {isa = PBXBuildFile; fileRef = 526676042C85F903001EF113 /* UltramanSecureField.swift */; };
		526676472C85F903001EF113 /* UltramanSidebarButtonStyle.swift in Sources */ = {isa = PBXBuildFile; fileRef = 526676052C85F903001EF113 /* UltramanSidebarButtonStyle.swift */; };
		526676482C85F903001EF113 /* UltramanTextEditorWithPlaceholder.swift in Sources */ = {isa = PBXBuildFile; fileRef = 526676062C85F903001EF113 /* UltramanTextEditorWithPlaceholder.swift */; };
		526676492C85F903001EF113 /* UltramanTextField.swift in Sources */ = {isa = PBXBuildFile; fileRef = 526676072C85F903001EF113 /* UltramanTextField.swift */; };
		5266764A2C85F903001EF113 /* UltramanWindow.swift in Sources */ = {isa = PBXBuildFile; fileRef = 526676082C85F903001EF113 /* UltramanWindow.swift */; };
		5266764B2C85F903001EF113 /* ConversationDetailView.swift in Sources */ = {isa = PBXBuildFile; fileRef = 5266760A2C85F903001EF113 /* ConversationDetailView.swift */; };
		5266764C2C85F903001EF113 /* ConversationSidebarItem.swift in Sources */ = {isa = PBXBuildFile; fileRef = 5266760B2C85F903001EF113 /* ConversationSidebarItem.swift */; };
		5266764D2C85F903001EF113 /* ConversationSidebarView.swift in Sources */ = {isa = PBXBuildFile; fileRef = 5266760C2C85F903001EF113 /* ConversationSidebarView.swift */; };
		5266764E2C85F903001EF113 /* ConversationView.swift in Sources */ = {isa = PBXBuildFile; fileRef = 5266760D2C85F903001EF113 /* ConversationView.swift */; };
		5266764F2C85F903001EF113 /* EmptyConversation.swift in Sources */ = {isa = PBXBuildFile; fileRef = 5266760E2C85F903001EF113 /* EmptyConversation.swift */; };
		526676502C85F903001EF113 /* MessageBubbleView.swift in Sources */ = {isa = PBXBuildFile; fileRef = 5266760F2C85F903001EF113 /* MessageBubbleView.swift */; };
		526676512C85F903001EF113 /* RightSidebarView.swift in Sources */ = {isa = PBXBuildFile; fileRef = 526676102C85F903001EF113 /* RightSidebarView.swift */; };
		526676522C85F903001EF113 /* DownloadManagerView.swift in Sources */ = {isa = PBXBuildFile; fileRef = 526676122C85F903001EF113 /* DownloadManagerView.swift */; };
		526676532C85F903001EF113 /* DownloadTaskView.swift in Sources */ = {isa = PBXBuildFile; fileRef = 526676132C85F903001EF113 /* DownloadTaskView.swift */; };
		526676542C85F903001EF113 /* LocalModelItemView.swift in Sources */ = {isa = PBXBuildFile; fileRef = 526676152C85F903001EF113 /* LocalModelItemView.swift */; };
		526676552C85F903001EF113 /* LocalModelsView.swift in Sources */ = {isa = PBXBuildFile; fileRef = 526676162C85F903001EF113 /* LocalModelsView.swift */; };
		526676562C85F903001EF113 /* MLXCommunityItemView.swift in Sources */ = {isa = PBXBuildFile; fileRef = 526676182C85F903001EF113 /* MLXCommunityItemView.swift */; };
		526676572C85F903001EF113 /* MLXCommunityView.swift in Sources */ = {isa = PBXBuildFile; fileRef = 526676192C85F903001EF113 /* MLXCommunityView.swift */; };
		526676582C85F903001EF113 /* AboutView.swift in Sources */ = {isa = PBXBuildFile; fileRef = 5266761B2C85F903001EF113 /* AboutView.swift */; };
		526676592C85F903001EF113 /* DefaultConversationView.swift in Sources */ = {isa = PBXBuildFile; fileRef = 5266761C2C85F903001EF113 /* DefaultConversationView.swift */; };
		5266765A2C85F903001EF113 /* GeneralView.swift in Sources */ = {isa = PBXBuildFile; fileRef = 5266761D2C85F903001EF113 /* GeneralView.swift */; };
		5266765B2C85F903001EF113 /* HuggingFaceView.swift in Sources */ = {isa = PBXBuildFile; fileRef = 5266761E2C85F903001EF113 /* HuggingFaceView.swift */; };
		5266765C2C85F903001EF113 /* SettingsSidebarItemView.swift in Sources */ = {isa = PBXBuildFile; fileRef = 5266761F2C85F903001EF113 /* SettingsSidebarItemView.swift */; };
		5266765D2C85F903001EF113 /* SettingsSidebarView.swift in Sources */ = {isa = PBXBuildFile; fileRef = 526676202C85F903001EF113 /* SettingsSidebarView.swift */; };
		5266765E2C85F903001EF113 /* SettingsView.swift in Sources */ = {isa = PBXBuildFile; fileRef = 526676212C85F903001EF113 /* SettingsView.swift */; };
		526676602C85F903001EF113 /* DisplayStyle.swift in Sources */ = {isa = PBXBuildFile; fileRef = 526676252C85F903001EF113 /* DisplayStyle.swift */; };
		526676612C85F903001EF113 /* DownloadTask.swift in Sources */ = {isa = PBXBuildFile; fileRef = 526676262C85F903001EF113 /* DownloadTask.swift */; };
		526676622C85F903001EF113 /* Language.swift in Sources */ = {isa = PBXBuildFile; fileRef = 526676272C85F903001EF113 /* Language.swift */; };
		526676632C85F903001EF113 /* LocalModel.swift in Sources */ = {isa = PBXBuildFile; fileRef = 526676282C85F903001EF113 /* LocalModel.swift */; };
		526676642C85F903001EF113 /* LocalModelGroup.swift in Sources */ = {isa = PBXBuildFile; fileRef = 526676292C85F903001EF113 /* LocalModelGroup.swift */; };
		526676662C85F903001EF113 /* RemoteModel.swift in Sources */ = {isa = PBXBuildFile; fileRef = 5266762B2C85F903001EF113 /* RemoteModel.swift */; };
		526676672C85F903001EF113 /* SettingsTab.swift in Sources */ = {isa = PBXBuildFile; fileRef = 5266762C2C85F903001EF113 /* SettingsTab.swift */; };
		526676682C85F903001EF113 /* SettingsTabGroup.swift in Sources */ = {isa = PBXBuildFile; fileRef = 5266762D2C85F903001EF113 /* SettingsTabGroup.swift */; };
		526676692C85F903001EF113 /* Styles.swift in Sources */ = {isa = PBXBuildFile; fileRef = 5266762E2C85F903001EF113 /* Styles.swift */; };
		5266766A2C85F903001EF113 /* Downloader.swift in Sources */ = {isa = PBXBuildFile; fileRef = 526676302C85F903001EF113 /* Downloader.swift */; };
		5266766B2C85F903001EF113 /* Hub.swift in Sources */ = {isa = PBXBuildFile; fileRef = 526676312C85F903001EF113 /* Hub.swift */; };
		5266766C2C85F903001EF113 /* HubApi.swift in Sources */ = {isa = PBXBuildFile; fileRef = 526676322C85F903001EF113 /* HubApi.swift */; };
		5266766D2C85F903001EF113 /* LLMRunner.swift in Sources */ = {isa = PBXBuildFile; fileRef = 526676342C85F903001EF113 /* LLMRunner.swift */; };
		5266766E2C85F903001EF113 /* Logger.swift in Sources */ = {isa = PBXBuildFile; fileRef = 526676352C85F903001EF113 /* Logger.swift */; };
		526676702C85F903001EF113 /* Defaults+Extensions.swift in Sources */ = {isa = PBXBuildFile; fileRef = 526676382C85F903001EF113 /* Defaults+Extensions.swift */; };
		526676712C85F903001EF113 /* MarkdownUI+Theme+Extensions.swift in Sources */ = {isa = PBXBuildFile; fileRef = 526676392C85F903001EF113 /* MarkdownUI+Theme+Extensions.swift */; };
		526676722C85F903001EF113 /* NSWindow+Extensions.swift in Sources */ = {isa = PBXBuildFile; fileRef = 5266763A2C85F903001EF113 /* NSWindow+Extensions.swift */; };
		526676732C85F903001EF113 /* String+Extensions.swift in Sources */ = {isa = PBXBuildFile; fileRef = 5266763B2C85F903001EF113 /* String+Extensions.swift */; };
		526676742C85F903001EF113 /* View+Extensions.swift in Sources */ = {isa = PBXBuildFile; fileRef = 5266763C2C85F903001EF113 /* View+Extensions.swift */; };
		526676782C85F9DA001EF113 /* Localizable.xcstrings in Resources */ = {isa = PBXBuildFile; fileRef = 526676772C85F9DA001EF113 /* Localizable.xcstrings */; };
		527F48152C9EFD5D006AF9FA /* LLM in Frameworks */ = {isa = PBXBuildFile; productRef = 527F48142C9EFD5D006AF9FA /* LLM */; };
		528D82262CABE19900163AAB /* Date+Extensions.swift in Sources */ = {isa = PBXBuildFile; fileRef = 528D82252CABE19000163AAB /* Date+Extensions.swift */; };
		528D83192CAD491900163AAB /* ChatMLX.xcdatamodeld in Sources */ = {isa = PBXBuildFile; fileRef = 528D83172CAD491900163AAB /* ChatMLX.xcdatamodeld */; };
		528D831C2CAD49E600163AAB /* PersistenceController.swift in Sources */ = {isa = PBXBuildFile; fileRef = 528D831B2CAD49E600163AAB /* PersistenceController.swift */; };
		528D83292CAD5C9100163AAB /* Conversation+CoreDataClass.swift in Sources */ = {isa = PBXBuildFile; fileRef = 528D83252CAD5C9100163AAB /* Conversation+CoreDataClass.swift */; };
		528D832A2CAD5C9100163AAB /* Conversation+CoreDataProperties.swift in Sources */ = {isa = PBXBuildFile; fileRef = 528D83262CAD5C9100163AAB /* Conversation+CoreDataProperties.swift */; };
		528D832B2CAD5C9100163AAB /* Message+CoreDataClass.swift in Sources */ = {isa = PBXBuildFile; fileRef = 528D83272CAD5C9100163AAB /* Message+CoreDataClass.swift */; };
		528D832C2CAD5C9100163AAB /* Message+CoreDataProperties.swift in Sources */ = {isa = PBXBuildFile; fileRef = 528D83282CAD5C9100163AAB /* Message+CoreDataProperties.swift */; };
		528D83372CADB64600163AAB /* ConversationViewModel.swift in Sources */ = {isa = PBXBuildFile; fileRef = 528D83362CADB64300163AAB /* ConversationViewModel.swift */; };
		528D83392CAE51EC00163AAB /* Role.swift in Sources */ = {isa = PBXBuildFile; fileRef = 528D83382CAE51EC00163AAB /* Role.swift */; };
		528DBE2F2C9C86FB004CDD88 /* Transformers in Frameworks */ = {isa = PBXBuildFile; productRef = 528DBE2E2C9C86FB004CDD88 /* Transformers */; };
		52A689F62CAE8AAB0078CDF9 /* TimeInterval+Extensions.swift in Sources */ = {isa = PBXBuildFile; fileRef = 52A689F52CAE8AAB0078CDF9 /* TimeInterval+Extensions.swift */; };
		52A689F82CAE8DA30078CDF9 /* SettingsViewModel.swift in Sources */ = {isa = PBXBuildFile; fileRef = 52A689F72CAE8DA00078CDF9 /* SettingsViewModel.swift */; };
		52A689FA2CAECFE00078CDF9 /* ErrorAlertModifier.swift in Sources */ = {isa = PBXBuildFile; fileRef = 52A689F92CAECFDE0078CDF9 /* ErrorAlertModifier.swift */; };
		52B053932CB2B0D500E8DDBA /* ColorWheel.metal in Sources */ = {isa = PBXBuildFile; fileRef = 52B053922CB2B0D300E8DDBA /* ColorWheel.metal */; };
		52B053952CB2B64500E8DDBA /* NoneInteractWindow.swift in Sources */ = {isa = PBXBuildFile; fileRef = 52B053942CB2B64500E8DDBA /* NoneInteractWindow.swift */; };
		52B0539D2CB2BF0D00E8DDBA /* AppleIntelligenceEffectView.swift in Sources */ = {isa = PBXBuildFile; fileRef = 52B0539A2CB2BF0D00E8DDBA /* AppleIntelligenceEffectView.swift */; };
		52B0539E2CB2BF0D00E8DDBA /* AppleIntelligenceEffectController.swift in Sources */ = {isa = PBXBuildFile; fileRef = 52B053992CB2BF0D00E8DDBA /* AppleIntelligenceEffectController.swift */; };
		52B053A02CB2C2CD00E8DDBA /* AppleIntelligenceEffectManager.swift in Sources */ = {isa = PBXBuildFile; fileRef = 52B0539F2CB2C2CD00E8DDBA /* AppleIntelligenceEffectManager.swift */; };
		52B053A22CB2F6F900E8DDBA /* AppleIntelligenceEffectDisplay.swift in Sources */ = {isa = PBXBuildFile; fileRef = 52B053A12CB2F6F900E8DDBA /* AppleIntelligenceEffectDisplay.swift */; };
		52B053A62CB38E8700E8DDBA /* ExperimentalFeaturesView.swift in Sources */ = {isa = PBXBuildFile; fileRef = 52B053A52CB38E7F00E8DDBA /* ExperimentalFeaturesView.swift */; };
		52E50B1D2C8D6E81005A89DE /* LLM in Frameworks */ = {isa = PBXBuildFile; productRef = 52E50B1C2C8D6E81005A89DE /* LLM */; };
		52E50B202C8D719B005A89DE /* LLM in Frameworks */ = {isa = PBXBuildFile; productRef = 52E50B1F2C8D719B005A89DE /* LLM */; };
		52E50B222C8D719B005A89DE /* MNIST in Frameworks */ = {isa = PBXBuildFile; productRef = 52E50B212C8D719B005A89DE /* MNIST */; };
		52E50B292C8DF111005A89DE /* LLM in Frameworks */ = {isa = PBXBuildFile; productRef = 52E50B282C8DF111005A89DE /* LLM */; };
		52E50B2B2C8DF111005A89DE /* MNIST in Frameworks */ = {isa = PBXBuildFile; productRef = 52E50B2A2C8DF111005A89DE /* MNIST */; };
		52FD80BE2C8F21C2006C50F1 /* LLM in Frameworks */ = {isa = PBXBuildFile; productRef = 52FD80BD2C8F21C2006C50F1 /* LLM */; };
		52FD80C02C8F21C2006C50F1 /* MNIST in Frameworks */ = {isa = PBXBuildFile; productRef = 52FD80BF2C8F21C2006C50F1 /* MNIST */; };
		52FD80C32C8F288A006C50F1 /* LLM in Frameworks */ = {isa = PBXBuildFile; productRef = 52FD80C22C8F288A006C50F1 /* LLM */; };
		52FD80C52C8F288A006C50F1 /* MNIST in Frameworks */ = {isa = PBXBuildFile; productRef = 52FD80C42C8F288A006C50F1 /* MNIST */; };
		52FD80C82C8F5E42006C50F1 /* LLM in Frameworks */ = {isa = PBXBuildFile; productRef = 52FD80C72C8F5E42006C50F1 /* LLM */; };
		52FD80CA2C8F5E42006C50F1 /* MNIST in Frameworks */ = {isa = PBXBuildFile; productRef = 52FD80C92C8F5E42006C50F1 /* MNIST */; };
/* End PBXBuildFile section */

/* Begin PBXFileReference section */
		526675422C85EDCB001EF113 /* ChatMLX.app */ = {isa = PBXFileReference; explicitFileType = wrapper.application; includeInIndex = 0; path = ChatMLX.app; sourceTree = BUILT_PRODUCTS_DIR; };
		526675452C85EDCB001EF113 /* ChatMLXApp.swift */ = {isa = PBXFileReference; lastKnownFileType = sourcecode.swift; path = ChatMLXApp.swift; sourceTree = "<group>"; };
		5266754C2C85EDCC001EF113 /* Preview Assets.xcassets */ = {isa = PBXFileReference; lastKnownFileType = folder.assetcatalog; path = "Preview Assets.xcassets"; sourceTree = "<group>"; };
		5266754E2C85EDCC001EF113 /* ChatMLX.entitlements */ = {isa = PBXFileReference; lastKnownFileType = text.plist.entitlements; path = ChatMLX.entitlements; sourceTree = "<group>"; };
		526675FD2C85F903001EF113 /* Assets.xcassets */ = {isa = PBXFileReference; lastKnownFileType = folder.assetcatalog; path = Assets.xcassets; sourceTree = "<group>"; };
		526675FE2C85F903001EF113 /* SplashCodeSyntaxHighlighter.swift */ = {isa = PBXFileReference; fileEncoding = 4; lastKnownFileType = sourcecode.swift; path = SplashCodeSyntaxHighlighter.swift; sourceTree = "<group>"; };
		526675FF2C85F903001EF113 /* TextOutputFormat.swift */ = {isa = PBXFileReference; fileEncoding = 4; lastKnownFileType = sourcecode.swift; path = TextOutputFormat.swift; sourceTree = "<group>"; };
		526676012C85F903001EF113 /* EffectView.swift */ = {isa = PBXFileReference; fileEncoding = 4; lastKnownFileType = sourcecode.swift; path = EffectView.swift; sourceTree = "<group>"; };
		526676022C85F903001EF113 /* UltramanMinimalistWindowModifier.swift */ = {isa = PBXFileReference; fileEncoding = 4; lastKnownFileType = sourcecode.swift; path = UltramanMinimalistWindowModifier.swift; sourceTree = "<group>"; };
		526676032C85F903001EF113 /* UltramanNavigationSplitView.swift */ = {isa = PBXFileReference; fileEncoding = 4; lastKnownFileType = sourcecode.swift; path = UltramanNavigationSplitView.swift; sourceTree = "<group>"; };
		526676042C85F903001EF113 /* UltramanSecureField.swift */ = {isa = PBXFileReference; fileEncoding = 4; lastKnownFileType = sourcecode.swift; path = UltramanSecureField.swift; sourceTree = "<group>"; };
		526676052C85F903001EF113 /* UltramanSidebarButtonStyle.swift */ = {isa = PBXFileReference; fileEncoding = 4; lastKnownFileType = sourcecode.swift; path = UltramanSidebarButtonStyle.swift; sourceTree = "<group>"; };
		526676062C85F903001EF113 /* UltramanTextEditorWithPlaceholder.swift */ = {isa = PBXFileReference; fileEncoding = 4; lastKnownFileType = sourcecode.swift; path = UltramanTextEditorWithPlaceholder.swift; sourceTree = "<group>"; };
		526676072C85F903001EF113 /* UltramanTextField.swift */ = {isa = PBXFileReference; fileEncoding = 4; lastKnownFileType = sourcecode.swift; path = UltramanTextField.swift; sourceTree = "<group>"; };
		526676082C85F903001EF113 /* UltramanWindow.swift */ = {isa = PBXFileReference; fileEncoding = 4; lastKnownFileType = sourcecode.swift; path = UltramanWindow.swift; sourceTree = "<group>"; };
		5266760A2C85F903001EF113 /* ConversationDetailView.swift */ = {isa = PBXFileReference; fileEncoding = 4; lastKnownFileType = sourcecode.swift; path = ConversationDetailView.swift; sourceTree = "<group>"; };
		5266760B2C85F903001EF113 /* ConversationSidebarItem.swift */ = {isa = PBXFileReference; fileEncoding = 4; lastKnownFileType = sourcecode.swift; path = ConversationSidebarItem.swift; sourceTree = "<group>"; };
		5266760C2C85F903001EF113 /* ConversationSidebarView.swift */ = {isa = PBXFileReference; fileEncoding = 4; lastKnownFileType = sourcecode.swift; path = ConversationSidebarView.swift; sourceTree = "<group>"; };
		5266760D2C85F903001EF113 /* ConversationView.swift */ = {isa = PBXFileReference; fileEncoding = 4; lastKnownFileType = sourcecode.swift; path = ConversationView.swift; sourceTree = "<group>"; };
		5266760E2C85F903001EF113 /* EmptyConversation.swift */ = {isa = PBXFileReference; fileEncoding = 4; lastKnownFileType = sourcecode.swift; path = EmptyConversation.swift; sourceTree = "<group>"; };
		5266760F2C85F903001EF113 /* MessageBubbleView.swift */ = {isa = PBXFileReference; fileEncoding = 4; lastKnownFileType = sourcecode.swift; path = MessageBubbleView.swift; sourceTree = "<group>"; };
		526676102C85F903001EF113 /* RightSidebarView.swift */ = {isa = PBXFileReference; fileEncoding = 4; lastKnownFileType = sourcecode.swift; path = RightSidebarView.swift; sourceTree = "<group>"; };
		526676122C85F903001EF113 /* DownloadManagerView.swift */ = {isa = PBXFileReference; fileEncoding = 4; lastKnownFileType = sourcecode.swift; path = DownloadManagerView.swift; sourceTree = "<group>"; };
		526676132C85F903001EF113 /* DownloadTaskView.swift */ = {isa = PBXFileReference; fileEncoding = 4; lastKnownFileType = sourcecode.swift; path = DownloadTaskView.swift; sourceTree = "<group>"; };
		526676152C85F903001EF113 /* LocalModelItemView.swift */ = {isa = PBXFileReference; fileEncoding = 4; lastKnownFileType = sourcecode.swift; path = LocalModelItemView.swift; sourceTree = "<group>"; };
		526676162C85F903001EF113 /* LocalModelsView.swift */ = {isa = PBXFileReference; fileEncoding = 4; lastKnownFileType = sourcecode.swift; path = LocalModelsView.swift; sourceTree = "<group>"; };
		526676182C85F903001EF113 /* MLXCommunityItemView.swift */ = {isa = PBXFileReference; fileEncoding = 4; lastKnownFileType = sourcecode.swift; path = MLXCommunityItemView.swift; sourceTree = "<group>"; };
		526676192C85F903001EF113 /* MLXCommunityView.swift */ = {isa = PBXFileReference; fileEncoding = 4; lastKnownFileType = sourcecode.swift; path = MLXCommunityView.swift; sourceTree = "<group>"; };
		5266761B2C85F903001EF113 /* AboutView.swift */ = {isa = PBXFileReference; fileEncoding = 4; lastKnownFileType = sourcecode.swift; path = AboutView.swift; sourceTree = "<group>"; };
		5266761C2C85F903001EF113 /* DefaultConversationView.swift */ = {isa = PBXFileReference; fileEncoding = 4; lastKnownFileType = sourcecode.swift; path = DefaultConversationView.swift; sourceTree = "<group>"; };
		5266761D2C85F903001EF113 /* GeneralView.swift */ = {isa = PBXFileReference; fileEncoding = 4; lastKnownFileType = sourcecode.swift; path = GeneralView.swift; sourceTree = "<group>"; };
		5266761E2C85F903001EF113 /* HuggingFaceView.swift */ = {isa = PBXFileReference; fileEncoding = 4; lastKnownFileType = sourcecode.swift; path = HuggingFaceView.swift; sourceTree = "<group>"; };
		5266761F2C85F903001EF113 /* SettingsSidebarItemView.swift */ = {isa = PBXFileReference; fileEncoding = 4; lastKnownFileType = sourcecode.swift; path = SettingsSidebarItemView.swift; sourceTree = "<group>"; };
		526676202C85F903001EF113 /* SettingsSidebarView.swift */ = {isa = PBXFileReference; fileEncoding = 4; lastKnownFileType = sourcecode.swift; path = SettingsSidebarView.swift; sourceTree = "<group>"; };
		526676212C85F903001EF113 /* SettingsView.swift */ = {isa = PBXFileReference; fileEncoding = 4; lastKnownFileType = sourcecode.swift; path = SettingsView.swift; sourceTree = "<group>"; };
		526676252C85F903001EF113 /* DisplayStyle.swift */ = {isa = PBXFileReference; fileEncoding = 4; lastKnownFileType = sourcecode.swift; path = DisplayStyle.swift; sourceTree = "<group>"; };
		526676262C85F903001EF113 /* DownloadTask.swift */ = {isa = PBXFileReference; fileEncoding = 4; lastKnownFileType = sourcecode.swift; path = DownloadTask.swift; sourceTree = "<group>"; };
		526676272C85F903001EF113 /* Language.swift */ = {isa = PBXFileReference; fileEncoding = 4; lastKnownFileType = sourcecode.swift; path = Language.swift; sourceTree = "<group>"; };
		526676282C85F903001EF113 /* LocalModel.swift */ = {isa = PBXFileReference; fileEncoding = 4; lastKnownFileType = sourcecode.swift; path = LocalModel.swift; sourceTree = "<group>"; };
		526676292C85F903001EF113 /* LocalModelGroup.swift */ = {isa = PBXFileReference; fileEncoding = 4; lastKnownFileType = sourcecode.swift; path = LocalModelGroup.swift; sourceTree = "<group>"; };
		5266762B2C85F903001EF113 /* RemoteModel.swift */ = {isa = PBXFileReference; fileEncoding = 4; lastKnownFileType = sourcecode.swift; path = RemoteModel.swift; sourceTree = "<group>"; };
		5266762C2C85F903001EF113 /* SettingsTab.swift */ = {isa = PBXFileReference; fileEncoding = 4; lastKnownFileType = sourcecode.swift; path = SettingsTab.swift; sourceTree = "<group>"; };
		5266762D2C85F903001EF113 /* SettingsTabGroup.swift */ = {isa = PBXFileReference; fileEncoding = 4; lastKnownFileType = sourcecode.swift; path = SettingsTabGroup.swift; sourceTree = "<group>"; };
		5266762E2C85F903001EF113 /* Styles.swift */ = {isa = PBXFileReference; fileEncoding = 4; lastKnownFileType = sourcecode.swift; path = Styles.swift; sourceTree = "<group>"; };
		526676302C85F903001EF113 /* Downloader.swift */ = {isa = PBXFileReference; fileEncoding = 4; lastKnownFileType = sourcecode.swift; path = Downloader.swift; sourceTree = "<group>"; };
		526676312C85F903001EF113 /* Hub.swift */ = {isa = PBXFileReference; fileEncoding = 4; lastKnownFileType = sourcecode.swift; path = Hub.swift; sourceTree = "<group>"; };
		526676322C85F903001EF113 /* HubApi.swift */ = {isa = PBXFileReference; fileEncoding = 4; lastKnownFileType = sourcecode.swift; path = HubApi.swift; sourceTree = "<group>"; };
		526676342C85F903001EF113 /* LLMRunner.swift */ = {isa = PBXFileReference; fileEncoding = 4; lastKnownFileType = sourcecode.swift; path = LLMRunner.swift; sourceTree = "<group>"; };
		526676352C85F903001EF113 /* Logger.swift */ = {isa = PBXFileReference; fileEncoding = 4; lastKnownFileType = sourcecode.swift; path = Logger.swift; sourceTree = "<group>"; };
		526676382C85F903001EF113 /* Defaults+Extensions.swift */ = {isa = PBXFileReference; fileEncoding = 4; lastKnownFileType = sourcecode.swift; path = "Defaults+Extensions.swift"; sourceTree = "<group>"; };
		526676392C85F903001EF113 /* MarkdownUI+Theme+Extensions.swift */ = {isa = PBXFileReference; fileEncoding = 4; lastKnownFileType = sourcecode.swift; path = "MarkdownUI+Theme+Extensions.swift"; sourceTree = "<group>"; };
		5266763A2C85F903001EF113 /* NSWindow+Extensions.swift */ = {isa = PBXFileReference; fileEncoding = 4; lastKnownFileType = sourcecode.swift; path = "NSWindow+Extensions.swift"; sourceTree = "<group>"; };
		5266763B2C85F903001EF113 /* String+Extensions.swift */ = {isa = PBXFileReference; fileEncoding = 4; lastKnownFileType = sourcecode.swift; path = "String+Extensions.swift"; sourceTree = "<group>"; };
		5266763C2C85F903001EF113 /* View+Extensions.swift */ = {isa = PBXFileReference; fileEncoding = 4; lastKnownFileType = sourcecode.swift; path = "View+Extensions.swift"; sourceTree = "<group>"; };
		526676762C85F952001EF113 /* ChatMLXRelease.entitlements */ = {isa = PBXFileReference; lastKnownFileType = text.plist.entitlements; path = ChatMLXRelease.entitlements; sourceTree = "<group>"; };
		526676772C85F9DA001EF113 /* Localizable.xcstrings */ = {isa = PBXFileReference; fileEncoding = 4; lastKnownFileType = text.json.xcstrings; path = Localizable.xcstrings; sourceTree = "<group>"; };
		528D82252CABE19000163AAB /* Date+Extensions.swift */ = {isa = PBXFileReference; lastKnownFileType = sourcecode.swift; path = "Date+Extensions.swift"; sourceTree = "<group>"; };
		528D83182CAD491900163AAB /* ChatMLX.xcdatamodel */ = {isa = PBXFileReference; lastKnownFileType = wrapper.xcdatamodel; path = ChatMLX.xcdatamodel; sourceTree = "<group>"; };
		528D831B2CAD49E600163AAB /* PersistenceController.swift */ = {isa = PBXFileReference; lastKnownFileType = sourcecode.swift; path = PersistenceController.swift; sourceTree = "<group>"; };
		528D83252CAD5C9100163AAB /* Conversation+CoreDataClass.swift */ = {isa = PBXFileReference; lastKnownFileType = sourcecode.swift; path = "Conversation+CoreDataClass.swift"; sourceTree = "<group>"; };
		528D83262CAD5C9100163AAB /* Conversation+CoreDataProperties.swift */ = {isa = PBXFileReference; lastKnownFileType = sourcecode.swift; path = "Conversation+CoreDataProperties.swift"; sourceTree = "<group>"; };
		528D83272CAD5C9100163AAB /* Message+CoreDataClass.swift */ = {isa = PBXFileReference; lastKnownFileType = sourcecode.swift; path = "Message+CoreDataClass.swift"; sourceTree = "<group>"; };
		528D83282CAD5C9100163AAB /* Message+CoreDataProperties.swift */ = {isa = PBXFileReference; lastKnownFileType = sourcecode.swift; path = "Message+CoreDataProperties.swift"; sourceTree = "<group>"; };
		528D83362CADB64300163AAB /* ConversationViewModel.swift */ = {isa = PBXFileReference; lastKnownFileType = sourcecode.swift; path = ConversationViewModel.swift; sourceTree = "<group>"; };
		528D83382CAE51EC00163AAB /* Role.swift */ = {isa = PBXFileReference; lastKnownFileType = sourcecode.swift; path = Role.swift; sourceTree = "<group>"; };
		52A689F52CAE8AAB0078CDF9 /* TimeInterval+Extensions.swift */ = {isa = PBXFileReference; lastKnownFileType = sourcecode.swift; path = "TimeInterval+Extensions.swift"; sourceTree = "<group>"; };
		52A689F72CAE8DA00078CDF9 /* SettingsViewModel.swift */ = {isa = PBXFileReference; lastKnownFileType = sourcecode.swift; path = SettingsViewModel.swift; sourceTree = "<group>"; };
		52A689F92CAECFDE0078CDF9 /* ErrorAlertModifier.swift */ = {isa = PBXFileReference; lastKnownFileType = sourcecode.swift; path = ErrorAlertModifier.swift; sourceTree = "<group>"; };
		52B053922CB2B0D300E8DDBA /* ColorWheel.metal */ = {isa = PBXFileReference; lastKnownFileType = sourcecode.metal; path = ColorWheel.metal; sourceTree = "<group>"; };
		52B053942CB2B64500E8DDBA /* NoneInteractWindow.swift */ = {isa = PBXFileReference; lastKnownFileType = sourcecode.swift; path = NoneInteractWindow.swift; sourceTree = "<group>"; };
		52B053992CB2BF0D00E8DDBA /* AppleIntelligenceEffectController.swift */ = {isa = PBXFileReference; lastKnownFileType = sourcecode.swift; path = AppleIntelligenceEffectController.swift; sourceTree = "<group>"; };
		52B0539A2CB2BF0D00E8DDBA /* AppleIntelligenceEffectView.swift */ = {isa = PBXFileReference; lastKnownFileType = sourcecode.swift; path = AppleIntelligenceEffectView.swift; sourceTree = "<group>"; };
		52B0539F2CB2C2CD00E8DDBA /* AppleIntelligenceEffectManager.swift */ = {isa = PBXFileReference; lastKnownFileType = sourcecode.swift; path = AppleIntelligenceEffectManager.swift; sourceTree = "<group>"; };
		52B053A12CB2F6F900E8DDBA /* AppleIntelligenceEffectDisplay.swift */ = {isa = PBXFileReference; lastKnownFileType = sourcecode.swift; path = AppleIntelligenceEffectDisplay.swift; sourceTree = "<group>"; };
		52B053A52CB38E7F00E8DDBA /* ExperimentalFeaturesView.swift */ = {isa = PBXFileReference; lastKnownFileType = sourcecode.swift; path = ExperimentalFeaturesView.swift; sourceTree = "<group>"; };
/* End PBXFileReference section */

/* Begin PBXFrameworksBuildPhase section */
		5266753F2C85EDCB001EF113 /* Frameworks */ = {
			isa = PBXFrameworksBuildPhase;
			buildActionMask = 2147483647;
			files = (
				523D8C512C9C7FCC0092791C /* Transformers in Frameworks */,
				527F48152C9EFD5D006AF9FA /* LLM in Frameworks */,
				52FD80C02C8F21C2006C50F1 /* MNIST in Frameworks */,
				52E50B222C8D719B005A89DE /* MNIST in Frameworks */,
				5266756B2C85F0E8001EF113 /* Defaults in Frameworks */,
				526675622C85EFB3001EF113 /* Alamofire in Frameworks */,
				52FD80CA2C8F5E42006C50F1 /* MNIST in Frameworks */,
				52FD80BE2C8F21C2006C50F1 /* LLM in Frameworks */,
				5266757D2C85F54D001EF113 /* SwiftUIIntrospect in Frameworks */,
				52FD80C52C8F288A006C50F1 /* MNIST in Frameworks */,
				52E50B2B2C8DF111005A89DE /* MNIST in Frameworks */,
				5266757A2C85F487001EF113 /* MarkdownUI in Frameworks */,
				526675742C85F1F9001EF113 /* Splash in Frameworks */,
				52FD80C82C8F5E42006C50F1 /* LLM in Frameworks */,
				526675682C85EFDF001EF113 /* CompactSlider in Frameworks */,
				5266756E2C85F0FF001EF113 /* Luminare in Frameworks */,
				526675772C85F26B001EF113 /* Logging in Frameworks */,
				52E50B202C8D719B005A89DE /* LLM in Frameworks */,
				52E50B1D2C8D6E81005A89DE /* LLM in Frameworks */,
				528DBE2F2C9C86FB004CDD88 /* Transformers in Frameworks */,
				526675652C85EFC7001EF113 /* AlertToast in Frameworks */,
				52FD80C32C8F288A006C50F1 /* LLM in Frameworks */,
				52E50B292C8DF111005A89DE /* LLM in Frameworks */,
			);
			runOnlyForDeploymentPostprocessing = 0;
		};
/* End PBXFrameworksBuildPhase section */

/* Begin PBXGroup section */
		526675392C85EDCB001EF113 = {
			isa = PBXGroup;
			children = (
				526675442C85EDCB001EF113 /* ChatMLX */,
				526675432C85EDCB001EF113 /* Products */,
			);
			sourceTree = "<group>";
		};
		526675432C85EDCB001EF113 /* Products */ = {
			isa = PBXGroup;
			children = (
				526675422C85EDCB001EF113 /* ChatMLX.app */,
			);
			name = Products;
			sourceTree = "<group>";
		};
		526675442C85EDCB001EF113 /* ChatMLX */ = {
			isa = PBXGroup;
			children = (
				5266754E2C85EDCC001EF113 /* ChatMLX.entitlements */,
				526676762C85F952001EF113 /* ChatMLXRelease.entitlements */,
				526675452C85EDCB001EF113 /* ChatMLXApp.swift */,
				526675FD2C85F903001EF113 /* Assets.xcassets */,
				526676772C85F9DA001EF113 /* Localizable.xcstrings */,
				526676092C85F903001EF113 /* Components */,
				5266763D2C85F903001EF113 /* Extensions */,
				526676232C85F903001EF113 /* Features */,
				5266762F2C85F903001EF113 /* Models */,
				5266754B2C85EDCC001EF113 /* Preview Content */,
				526676372C85F903001EF113 /* Utilities */,
			);
			path = ChatMLX;
			sourceTree = "<group>";
		};
		5266754B2C85EDCC001EF113 /* Preview Content */ = {
			isa = PBXGroup;
			children = (
				5266754C2C85EDCC001EF113 /* Preview Assets.xcassets */,
			);
			path = "Preview Content";
			sourceTree = "<group>";
		};
		526676002C85F903001EF113 /* SyntaxHighlighter */ = {
			isa = PBXGroup;
			children = (
				526675FE2C85F903001EF113 /* SplashCodeSyntaxHighlighter.swift */,
				526675FF2C85F903001EF113 /* TextOutputFormat.swift */,
			);
			path = SyntaxHighlighter;
			sourceTree = "<group>";
		};
		526676092C85F903001EF113 /* Components */ = {
			isa = PBXGroup;
			children = (
				52B053942CB2B64500E8DDBA /* NoneInteractWindow.swift */,
				52B0538B2CB2B03200E8DDBA /* AppleIntelligenceEffect */,
				52A689F92CAECFDE0078CDF9 /* ErrorAlertModifier.swift */,
				526676002C85F903001EF113 /* SyntaxHighlighter */,
				526676012C85F903001EF113 /* EffectView.swift */,
				526676022C85F903001EF113 /* UltramanMinimalistWindowModifier.swift */,
				526676032C85F903001EF113 /* UltramanNavigationSplitView.swift */,
				526676042C85F903001EF113 /* UltramanSecureField.swift */,
				526676052C85F903001EF113 /* UltramanSidebarButtonStyle.swift */,
				526676062C85F903001EF113 /* UltramanTextEditorWithPlaceholder.swift */,
				526676072C85F903001EF113 /* UltramanTextField.swift */,
				526676082C85F903001EF113 /* UltramanWindow.swift */,
			);
			path = Components;
			sourceTree = "<group>";
		};
		526676112C85F903001EF113 /* Conversation */ = {
			isa = PBXGroup;
			children = (
				528D83362CADB64300163AAB /* ConversationViewModel.swift */,
				5266760A2C85F903001EF113 /* ConversationDetailView.swift */,
				5266760B2C85F903001EF113 /* ConversationSidebarItem.swift */,
				5266760C2C85F903001EF113 /* ConversationSidebarView.swift */,
				5266760D2C85F903001EF113 /* ConversationView.swift */,
				5266760E2C85F903001EF113 /* EmptyConversation.swift */,
				5266760F2C85F903001EF113 /* MessageBubbleView.swift */,
				526676102C85F903001EF113 /* RightSidebarView.swift */,
			);
			path = Conversation;
			sourceTree = "<group>";
		};
		526676142C85F903001EF113 /* DownloadManager */ = {
			isa = PBXGroup;
			children = (
				526676122C85F903001EF113 /* DownloadManagerView.swift */,
				526676132C85F903001EF113 /* DownloadTaskView.swift */,
			);
			path = DownloadManager;
			sourceTree = "<group>";
		};
		526676172C85F903001EF113 /* LocalModels */ = {
			isa = PBXGroup;
			children = (
				526676152C85F903001EF113 /* LocalModelItemView.swift */,
				526676162C85F903001EF113 /* LocalModelsView.swift */,
			);
			path = LocalModels;
			sourceTree = "<group>";
		};
		5266761A2C85F903001EF113 /* MLXCommunity */ = {
			isa = PBXGroup;
			children = (
				526676182C85F903001EF113 /* MLXCommunityItemView.swift */,
				526676192C85F903001EF113 /* MLXCommunityView.swift */,
			);
			path = MLXCommunity;
			sourceTree = "<group>";
		};
		526676222C85F903001EF113 /* Settings */ = {
			isa = PBXGroup;
			children = (
				52B053A52CB38E7F00E8DDBA /* ExperimentalFeaturesView.swift */,
				52A689F72CAE8DA00078CDF9 /* SettingsViewModel.swift */,
				526676142C85F903001EF113 /* DownloadManager */,
				526676172C85F903001EF113 /* LocalModels */,
				5266761A2C85F903001EF113 /* MLXCommunity */,
				5266761B2C85F903001EF113 /* AboutView.swift */,
				5266761C2C85F903001EF113 /* DefaultConversationView.swift */,
				5266761D2C85F903001EF113 /* GeneralView.swift */,
				5266761E2C85F903001EF113 /* HuggingFaceView.swift */,
				5266761F2C85F903001EF113 /* SettingsSidebarItemView.swift */,
				526676202C85F903001EF113 /* SettingsSidebarView.swift */,
				526676212C85F903001EF113 /* SettingsView.swift */,
			);
			path = Settings;
			sourceTree = "<group>";
		};
		526676232C85F903001EF113 /* Features */ = {
			isa = PBXGroup;
			children = (
				526676112C85F903001EF113 /* Conversation */,
				526676222C85F903001EF113 /* Settings */,
			);
			path = Features;
			sourceTree = "<group>";
		};
		5266762F2C85F903001EF113 /* Models */ = {
			isa = PBXGroup;
			children = (
				526676252C85F903001EF113 /* DisplayStyle.swift */,
				526676262C85F903001EF113 /* DownloadTask.swift */,
				526676272C85F903001EF113 /* Language.swift */,
				52B053A12CB2F6F900E8DDBA /* AppleIntelligenceEffectDisplay.swift */,
				526676282C85F903001EF113 /* LocalModel.swift */,
				526676292C85F903001EF113 /* LocalModelGroup.swift */,
				528D83382CAE51EC00163AAB /* Role.swift */,
				5266762B2C85F903001EF113 /* RemoteModel.swift */,
				5266762C2C85F903001EF113 /* SettingsTab.swift */,
				5266762D2C85F903001EF113 /* SettingsTabGroup.swift */,
				5266762E2C85F903001EF113 /* Styles.swift */,
				528D83252CAD5C9100163AAB /* Conversation+CoreDataClass.swift */,
				528D83262CAD5C9100163AAB /* Conversation+CoreDataProperties.swift */,
				528D83272CAD5C9100163AAB /* Message+CoreDataClass.swift */,
				528D83282CAD5C9100163AAB /* Message+CoreDataProperties.swift */,
				528D83172CAD491900163AAB /* ChatMLX.xcdatamodeld */,
			);
			path = Models;
			sourceTree = "<group>";
		};
		526676332C85F903001EF113 /* Huggingface */ = {
			isa = PBXGroup;
			children = (
				526676302C85F903001EF113 /* Downloader.swift */,
				526676312C85F903001EF113 /* Hub.swift */,
				526676322C85F903001EF113 /* HubApi.swift */,
			);
			path = Huggingface;
			sourceTree = "<group>";
		};
		526676372C85F903001EF113 /* Utilities */ = {
			isa = PBXGroup;
			children = (
				526676342C85F903001EF113 /* LLMRunner.swift */,
				526676352C85F903001EF113 /* Logger.swift */,
				528D831B2CAD49E600163AAB /* PersistenceController.swift */,
				526676332C85F903001EF113 /* Huggingface */,
			);
			path = Utilities;
			sourceTree = "<group>";
		};
		5266763D2C85F903001EF113 /* Extensions */ = {
			isa = PBXGroup;
			children = (
				528D82252CABE19000163AAB /* Date+Extensions.swift */,
				52A689F52CAE8AAB0078CDF9 /* TimeInterval+Extensions.swift */,
				526676382C85F903001EF113 /* Defaults+Extensions.swift */,
				526676392C85F903001EF113 /* MarkdownUI+Theme+Extensions.swift */,
				5266763A2C85F903001EF113 /* NSWindow+Extensions.swift */,
				5266763B2C85F903001EF113 /* String+Extensions.swift */,
				5266763C2C85F903001EF113 /* View+Extensions.swift */,
			);
			path = Extensions;
			sourceTree = "<group>";
		};
		52B0538B2CB2B03200E8DDBA /* AppleIntelligenceEffect */ = {
			isa = PBXGroup;
			children = (
				52B0539F2CB2C2CD00E8DDBA /* AppleIntelligenceEffectManager.swift */,
				52B053992CB2BF0D00E8DDBA /* AppleIntelligenceEffectController.swift */,
				52B0539A2CB2BF0D00E8DDBA /* AppleIntelligenceEffectView.swift */,
				52B053922CB2B0D300E8DDBA /* ColorWheel.metal */,
			);
			path = AppleIntelligenceEffect;
			sourceTree = "<group>";
		};
/* End PBXGroup section */

/* Begin PBXNativeTarget section */
		526675412C85EDCB001EF113 /* ChatMLX */ = {
			isa = PBXNativeTarget;
			buildConfigurationList = 526675512C85EDCC001EF113 /* Build configuration list for PBXNativeTarget "ChatMLX" */;
			buildPhases = (
				5266753E2C85EDCB001EF113 /* Sources */,
				5266753F2C85EDCB001EF113 /* Frameworks */,
				526675402C85EDCB001EF113 /* Resources */,
			);
			buildRules = (
			);
			dependencies = (
			);
			name = ChatMLX;
			packageProductDependencies = (
				526675612C85EFB3001EF113 /* Alamofire */,
				526675642C85EFC7001EF113 /* AlertToast */,
				526675672C85EFDF001EF113 /* CompactSlider */,
				5266756A2C85F0E8001EF113 /* Defaults */,
				5266756D2C85F0FF001EF113 /* Luminare */,
				526675732C85F1F9001EF113 /* Splash */,
				526675762C85F26B001EF113 /* Logging */,
				526675792C85F487001EF113 /* MarkdownUI */,
				5266757C2C85F54D001EF113 /* SwiftUIIntrospect */,
				52E50B1C2C8D6E81005A89DE /* LLM */,
				52E50B1F2C8D719B005A89DE /* LLM */,
				52E50B212C8D719B005A89DE /* MNIST */,
				52E50B282C8DF111005A89DE /* LLM */,
				52E50B2A2C8DF111005A89DE /* MNIST */,
				52FD80BD2C8F21C2006C50F1 /* LLM */,
				52FD80BF2C8F21C2006C50F1 /* MNIST */,
				52FD80C22C8F288A006C50F1 /* LLM */,
				52FD80C42C8F288A006C50F1 /* MNIST */,
				52FD80C72C8F5E42006C50F1 /* LLM */,
				52FD80C92C8F5E42006C50F1 /* MNIST */,
				523D8C502C9C7FCC0092791C /* Transformers */,
				528DBE2E2C9C86FB004CDD88 /* Transformers */,
				527F48142C9EFD5D006AF9FA /* LLM */,
			);
			productName = ChatMLX;
			productReference = 526675422C85EDCB001EF113 /* ChatMLX.app */;
			productType = "com.apple.product-type.application";
		};
/* End PBXNativeTarget section */

/* Begin PBXProject section */
		5266753A2C85EDCB001EF113 /* Project object */ = {
			isa = PBXProject;
			attributes = {
				BuildIndependentTargetsInParallel = 1;
				LastSwiftUpdateCheck = 1540;
				LastUpgradeCheck = 1540;
				TargetAttributes = {
					526675412C85EDCB001EF113 = {
						CreatedOnToolsVersion = 15.4;
					};
				};
			};
			buildConfigurationList = 5266753D2C85EDCB001EF113 /* Build configuration list for PBXProject "ChatMLX" */;
			compatibilityVersion = "Xcode 14.0";
			developmentRegion = en;
			hasScannedForEncodings = 0;
			knownRegions = (
				en,
				Base,
				"zh-Hans",
				"zh-Hant",
				ja,
				ko,
			);
			mainGroup = 526675392C85EDCB001EF113;
			packageReferences = (
				526675602C85EFB3001EF113 /* XCRemoteSwiftPackageReference "Alamofire" */,
				526675632C85EFC7001EF113 /* XCRemoteSwiftPackageReference "AlertToast" */,
				526675662C85EFDF001EF113 /* XCRemoteSwiftPackageReference "CompactSlider" */,
				526675692C85F0E8001EF113 /* XCRemoteSwiftPackageReference "Defaults" */,
				5266756C2C85F0FF001EF113 /* XCRemoteSwiftPackageReference "Luminare" */,
				526675722C85F1F9001EF113 /* XCRemoteSwiftPackageReference "splash" */,
				526675752C85F26B001EF113 /* XCRemoteSwiftPackageReference "swift-log" */,
				526675782C85F486001EF113 /* XCRemoteSwiftPackageReference "swift-markdown-ui" */,
				5266757B2C85F54D001EF113 /* XCRemoteSwiftPackageReference "swiftui-introspect" */,
				527F48132C9EFD5D006AF9FA /* XCRemoteSwiftPackageReference "mlx-swift-examples" */,
			);
			productRefGroup = 526675432C85EDCB001EF113 /* Products */;
			projectDirPath = "";
			projectRoot = "";
			targets = (
				526675412C85EDCB001EF113 /* ChatMLX */,
			);
		};
/* End PBXProject section */

/* Begin PBXResourcesBuildPhase section */
		526675402C85EDCB001EF113 /* Resources */ = {
			isa = PBXResourcesBuildPhase;
			buildActionMask = 2147483647;
			files = (
				5266754D2C85EDCC001EF113 /* Preview Assets.xcassets in Resources */,
				526676782C85F9DA001EF113 /* Localizable.xcstrings in Resources */,
				526676402C85F903001EF113 /* Assets.xcassets in Resources */,
			);
			runOnlyForDeploymentPostprocessing = 0;
		};
/* End PBXResourcesBuildPhase section */

/* Begin PBXSourcesBuildPhase section */
		5266753E2C85EDCB001EF113 /* Sources */ = {
			isa = PBXSourcesBuildPhase;
			buildActionMask = 2147483647;
			files = (
				526676422C85F903001EF113 /* TextOutputFormat.swift in Sources */,
				526676512C85F903001EF113 /* RightSidebarView.swift in Sources */,
				52B053A62CB38E8700E8DDBA /* ExperimentalFeaturesView.swift in Sources */,
				526676682C85F903001EF113 /* SettingsTabGroup.swift in Sources */,
				526676452C85F903001EF113 /* UltramanNavigationSplitView.swift in Sources */,
				526676672C85F903001EF113 /* SettingsTab.swift in Sources */,
				52B053932CB2B0D500E8DDBA /* ColorWheel.metal in Sources */,
				5266765C2C85F903001EF113 /* SettingsSidebarItemView.swift in Sources */,
				526676592C85F903001EF113 /* DefaultConversationView.swift in Sources */,
				52B053A02CB2C2CD00E8DDBA /* AppleIntelligenceEffectManager.swift in Sources */,
				5266766E2C85F903001EF113 /* Logger.swift in Sources */,
				526676612C85F903001EF113 /* DownloadTask.swift in Sources */,
				52A689F62CAE8AAB0078CDF9 /* TimeInterval+Extensions.swift in Sources */,
				528D83192CAD491900163AAB /* ChatMLX.xcdatamodeld in Sources */,
				526676502C85F903001EF113 /* MessageBubbleView.swift in Sources */,
				526676582C85F903001EF113 /* AboutView.swift in Sources */,
				526676552C85F903001EF113 /* LocalModelsView.swift in Sources */,
				52A689FA2CAECFE00078CDF9 /* ErrorAlertModifier.swift in Sources */,
				526676662C85F903001EF113 /* RemoteModel.swift in Sources */,
				526676562C85F903001EF113 /* MLXCommunityItemView.swift in Sources */,
				526676442C85F903001EF113 /* UltramanMinimalistWindowModifier.swift in Sources */,
				5266764A2C85F903001EF113 /* UltramanWindow.swift in Sources */,
				526676702C85F903001EF113 /* Defaults+Extensions.swift in Sources */,
				526676462C85F903001EF113 /* UltramanSecureField.swift in Sources */,
				5266766C2C85F903001EF113 /* HubApi.swift in Sources */,
				526676472C85F903001EF113 /* UltramanSidebarButtonStyle.swift in Sources */,
				5266764F2C85F903001EF113 /* EmptyConversation.swift in Sources */,
				526676572C85F903001EF113 /* MLXCommunityView.swift in Sources */,
				528D82262CABE19900163AAB /* Date+Extensions.swift in Sources */,
				5266766D2C85F903001EF113 /* LLMRunner.swift in Sources */,
				5266764E2C85F903001EF113 /* ConversationView.swift in Sources */,
				5266766A2C85F903001EF113 /* Downloader.swift in Sources */,
				526676732C85F903001EF113 /* String+Extensions.swift in Sources */,
				526676742C85F903001EF113 /* View+Extensions.swift in Sources */,
				526676432C85F903001EF113 /* EffectView.swift in Sources */,
				528D83292CAD5C9100163AAB /* Conversation+CoreDataClass.swift in Sources */,
				528D832A2CAD5C9100163AAB /* Conversation+CoreDataProperties.swift in Sources */,
				528D832B2CAD5C9100163AAB /* Message+CoreDataClass.swift in Sources */,
				528D83392CAE51EC00163AAB /* Role.swift in Sources */,
				52B053952CB2B64500E8DDBA /* NoneInteractWindow.swift in Sources */,
				528D832C2CAD5C9100163AAB /* Message+CoreDataProperties.swift in Sources */,
				526676712C85F903001EF113 /* MarkdownUI+Theme+Extensions.swift in Sources */,
				526676532C85F903001EF113 /* DownloadTaskView.swift in Sources */,
				52A689F82CAE8DA30078CDF9 /* SettingsViewModel.swift in Sources */,
				5266764C2C85F903001EF113 /* ConversationSidebarItem.swift in Sources */,
				526676622C85F903001EF113 /* Language.swift in Sources */,
				526676722C85F903001EF113 /* NSWindow+Extensions.swift in Sources */,
				526676412C85F903001EF113 /* SplashCodeSyntaxHighlighter.swift in Sources */,
				526676542C85F903001EF113 /* LocalModelItemView.swift in Sources */,
				526676632C85F903001EF113 /* LocalModel.swift in Sources */,
				52B0539D2CB2BF0D00E8DDBA /* AppleIntelligenceEffectView.swift in Sources */,
				52B0539E2CB2BF0D00E8DDBA /* AppleIntelligenceEffectController.swift in Sources */,
				526676692C85F903001EF113 /* Styles.swift in Sources */,
				5266765A2C85F903001EF113 /* GeneralView.swift in Sources */,
				526675462C85EDCB001EF113 /* ChatMLXApp.swift in Sources */,
				526676492C85F903001EF113 /* UltramanTextField.swift in Sources */,
				5266765E2C85F903001EF113 /* SettingsView.swift in Sources */,
				528D831C2CAD49E600163AAB /* PersistenceController.swift in Sources */,
				5266766B2C85F903001EF113 /* Hub.swift in Sources */,
				5266764D2C85F903001EF113 /* ConversationSidebarView.swift in Sources */,
				528D83372CADB64600163AAB /* ConversationViewModel.swift in Sources */,
				5266765D2C85F903001EF113 /* SettingsSidebarView.swift in Sources */,
				5266764B2C85F903001EF113 /* ConversationDetailView.swift in Sources */,
				52B053A22CB2F6F900E8DDBA /* AppleIntelligenceEffectDisplay.swift in Sources */,
				526676602C85F903001EF113 /* DisplayStyle.swift in Sources */,
				5266765B2C85F903001EF113 /* HuggingFaceView.swift in Sources */,
				526676642C85F903001EF113 /* LocalModelGroup.swift in Sources */,
				526676522C85F903001EF113 /* DownloadManagerView.swift in Sources */,
				526676482C85F903001EF113 /* UltramanTextEditorWithPlaceholder.swift in Sources */,
			);
			runOnlyForDeploymentPostprocessing = 0;
		};
/* End PBXSourcesBuildPhase section */

/* Begin XCBuildConfiguration section */
		5266754F2C85EDCC001EF113 /* Debug */ = {
			isa = XCBuildConfiguration;
			buildSettings = {
				ALWAYS_SEARCH_USER_PATHS = NO;
				ASSETCATALOG_COMPILER_GENERATE_SWIFT_ASSET_SYMBOL_EXTENSIONS = YES;
				CLANG_ANALYZER_NONNULL = YES;
				CLANG_ANALYZER_NUMBER_OBJECT_CONVERSION = YES_AGGRESSIVE;
				CLANG_CXX_LANGUAGE_STANDARD = "gnu++20";
				CLANG_ENABLE_MODULES = YES;
				CLANG_ENABLE_OBJC_ARC = YES;
				CLANG_ENABLE_OBJC_WEAK = YES;
				CLANG_WARN_BLOCK_CAPTURE_AUTORELEASING = YES;
				CLANG_WARN_BOOL_CONVERSION = YES;
				CLANG_WARN_COMMA = YES;
				CLANG_WARN_CONSTANT_CONVERSION = YES;
				CLANG_WARN_DEPRECATED_OBJC_IMPLEMENTATIONS = YES;
				CLANG_WARN_DIRECT_OBJC_ISA_USAGE = YES_ERROR;
				CLANG_WARN_DOCUMENTATION_COMMENTS = YES;
				CLANG_WARN_EMPTY_BODY = YES;
				CLANG_WARN_ENUM_CONVERSION = YES;
				CLANG_WARN_INFINITE_RECURSION = YES;
				CLANG_WARN_INT_CONVERSION = YES;
				CLANG_WARN_NON_LITERAL_NULL_CONVERSION = YES;
				CLANG_WARN_OBJC_IMPLICIT_RETAIN_SELF = YES;
				CLANG_WARN_OBJC_LITERAL_CONVERSION = YES;
				CLANG_WARN_OBJC_ROOT_CLASS = YES_ERROR;
				CLANG_WARN_QUOTED_INCLUDE_IN_FRAMEWORK_HEADER = YES;
				CLANG_WARN_RANGE_LOOP_ANALYSIS = YES;
				CLANG_WARN_STRICT_PROTOTYPES = YES;
				CLANG_WARN_SUSPICIOUS_MOVE = YES;
				CLANG_WARN_UNGUARDED_AVAILABILITY = YES_AGGRESSIVE;
				CLANG_WARN_UNREACHABLE_CODE = YES;
				CLANG_WARN__DUPLICATE_METHOD_MATCH = YES;
				COPY_PHASE_STRIP = NO;
				DEBUG_INFORMATION_FORMAT = dwarf;
				ENABLE_STRICT_OBJC_MSGSEND = YES;
				ENABLE_TESTABILITY = YES;
				ENABLE_USER_SCRIPT_SANDBOXING = YES;
				GCC_C_LANGUAGE_STANDARD = gnu17;
				GCC_DYNAMIC_NO_PIC = NO;
				GCC_NO_COMMON_BLOCKS = YES;
				GCC_OPTIMIZATION_LEVEL = 0;
				GCC_PREPROCESSOR_DEFINITIONS = (
					"DEBUG=1",
					"$(inherited)",
				);
				GCC_WARN_64_TO_32_BIT_CONVERSION = YES;
				GCC_WARN_ABOUT_RETURN_TYPE = YES_ERROR;
				GCC_WARN_UNDECLARED_SELECTOR = YES;
				GCC_WARN_UNINITIALIZED_AUTOS = YES_AGGRESSIVE;
				GCC_WARN_UNUSED_FUNCTION = YES;
				GCC_WARN_UNUSED_VARIABLE = YES;
				LOCALIZATION_PREFERS_STRING_CATALOGS = YES;
				MACOSX_DEPLOYMENT_TARGET = 14.5;
				MTL_ENABLE_DEBUG_INFO = INCLUDE_SOURCE;
				MTL_FAST_MATH = YES;
				ONLY_ACTIVE_ARCH = YES;
				SDKROOT = macosx;
				SWIFT_ACTIVE_COMPILATION_CONDITIONS = "DEBUG $(inherited)";
				SWIFT_OPTIMIZATION_LEVEL = "-Onone";
			};
			name = Debug;
		};
		526675502C85EDCC001EF113 /* Release */ = {
			isa = XCBuildConfiguration;
			buildSettings = {
				ALWAYS_SEARCH_USER_PATHS = NO;
				ASSETCATALOG_COMPILER_GENERATE_SWIFT_ASSET_SYMBOL_EXTENSIONS = YES;
				CLANG_ANALYZER_NONNULL = YES;
				CLANG_ANALYZER_NUMBER_OBJECT_CONVERSION = YES_AGGRESSIVE;
				CLANG_CXX_LANGUAGE_STANDARD = "gnu++20";
				CLANG_ENABLE_MODULES = YES;
				CLANG_ENABLE_OBJC_ARC = YES;
				CLANG_ENABLE_OBJC_WEAK = YES;
				CLANG_WARN_BLOCK_CAPTURE_AUTORELEASING = YES;
				CLANG_WARN_BOOL_CONVERSION = YES;
				CLANG_WARN_COMMA = YES;
				CLANG_WARN_CONSTANT_CONVERSION = YES;
				CLANG_WARN_DEPRECATED_OBJC_IMPLEMENTATIONS = YES;
				CLANG_WARN_DIRECT_OBJC_ISA_USAGE = YES_ERROR;
				CLANG_WARN_DOCUMENTATION_COMMENTS = YES;
				CLANG_WARN_EMPTY_BODY = YES;
				CLANG_WARN_ENUM_CONVERSION = YES;
				CLANG_WARN_INFINITE_RECURSION = YES;
				CLANG_WARN_INT_CONVERSION = YES;
				CLANG_WARN_NON_LITERAL_NULL_CONVERSION = YES;
				CLANG_WARN_OBJC_IMPLICIT_RETAIN_SELF = YES;
				CLANG_WARN_OBJC_LITERAL_CONVERSION = YES;
				CLANG_WARN_OBJC_ROOT_CLASS = YES_ERROR;
				CLANG_WARN_QUOTED_INCLUDE_IN_FRAMEWORK_HEADER = YES;
				CLANG_WARN_RANGE_LOOP_ANALYSIS = YES;
				CLANG_WARN_STRICT_PROTOTYPES = YES;
				CLANG_WARN_SUSPICIOUS_MOVE = YES;
				CLANG_WARN_UNGUARDED_AVAILABILITY = YES_AGGRESSIVE;
				CLANG_WARN_UNREACHABLE_CODE = YES;
				CLANG_WARN__DUPLICATE_METHOD_MATCH = YES;
				COPY_PHASE_STRIP = NO;
				DEBUG_INFORMATION_FORMAT = "dwarf-with-dsym";
				ENABLE_NS_ASSERTIONS = NO;
				ENABLE_STRICT_OBJC_MSGSEND = YES;
				ENABLE_USER_SCRIPT_SANDBOXING = YES;
				GCC_C_LANGUAGE_STANDARD = gnu17;
				GCC_NO_COMMON_BLOCKS = YES;
				GCC_WARN_64_TO_32_BIT_CONVERSION = YES;
				GCC_WARN_ABOUT_RETURN_TYPE = YES_ERROR;
				GCC_WARN_UNDECLARED_SELECTOR = YES;
				GCC_WARN_UNINITIALIZED_AUTOS = YES_AGGRESSIVE;
				GCC_WARN_UNUSED_FUNCTION = YES;
				GCC_WARN_UNUSED_VARIABLE = YES;
				LOCALIZATION_PREFERS_STRING_CATALOGS = YES;
				MACOSX_DEPLOYMENT_TARGET = 14.5;
				MTL_ENABLE_DEBUG_INFO = NO;
				MTL_FAST_MATH = YES;
				SDKROOT = macosx;
				SWIFT_COMPILATION_MODE = wholemodule;
			};
			name = Release;
		};
		526675522C85EDCC001EF113 /* Debug */ = {
			isa = XCBuildConfiguration;
			buildSettings = {
				ASSETCATALOG_COMPILER_APPICON_NAME = AppIcon;
				ASSETCATALOG_COMPILER_GLOBAL_ACCENT_COLOR_NAME = AccentColor;
				CODE_SIGN_ENTITLEMENTS = ChatMLX/ChatMLX.entitlements;
				CODE_SIGN_STYLE = Automatic;
				COMBINE_HIDPI_IMAGES = YES;
				CURRENT_PROJECT_VERSION = 5;
				DEVELOPMENT_ASSET_PATHS = "\"ChatMLX/Preview Content\"";
				DEVELOPMENT_TEAM = RFGFKQEKRH;
				ENABLE_HARDENED_RUNTIME = YES;
				ENABLE_PREVIEWS = YES;
				GENERATE_INFOPLIST_FILE = YES;
				INFOPLIST_KEY_LSApplicationCategoryType = "public.app-category.utilities";
				INFOPLIST_KEY_NSHumanReadableCopyright = "";
				LD_RUNPATH_SEARCH_PATHS = (
					"$(inherited)",
					"@executable_path/../Frameworks",
				);
				MACOSX_DEPLOYMENT_TARGET = 14.0;
				MARKETING_VERSION = 1.1.3;
				PRODUCT_BUNDLE_IDENTIFIER = johnmai.ChatMLX;
				PRODUCT_NAME = "$(TARGET_NAME)";
				SWIFT_EMIT_LOC_STRINGS = YES;
				SWIFT_VERSION = 5.0;
			};
			name = Debug;
		};
		526675532C85EDCC001EF113 /* Release */ = {
			isa = XCBuildConfiguration;
			buildSettings = {
				ASSETCATALOG_COMPILER_APPICON_NAME = AppIcon;
				ASSETCATALOG_COMPILER_GLOBAL_ACCENT_COLOR_NAME = AccentColor;
				CODE_SIGN_ENTITLEMENTS = ChatMLX/ChatMLXRelease.entitlements;
				CODE_SIGN_STYLE = Automatic;
				COMBINE_HIDPI_IMAGES = YES;
				CURRENT_PROJECT_VERSION = 5;
				DEVELOPMENT_ASSET_PATHS = "\"ChatMLX/Preview Content\"";
				DEVELOPMENT_TEAM = RFGFKQEKRH;
				ENABLE_HARDENED_RUNTIME = YES;
				ENABLE_PREVIEWS = YES;
				GENERATE_INFOPLIST_FILE = YES;
				INFOPLIST_KEY_LSApplicationCategoryType = "public.app-category.utilities";
				INFOPLIST_KEY_NSHumanReadableCopyright = "";
				LD_RUNPATH_SEARCH_PATHS = (
					"$(inherited)",
					"@executable_path/../Frameworks",
				);
				MACOSX_DEPLOYMENT_TARGET = 14.0;
				MARKETING_VERSION = 1.1.3;
				PRODUCT_BUNDLE_IDENTIFIER = johnmai.ChatMLX;
				PRODUCT_NAME = "$(TARGET_NAME)";
				SWIFT_EMIT_LOC_STRINGS = YES;
				SWIFT_VERSION = 5.0;
			};
			name = Release;
		};
/* End XCBuildConfiguration section */

/* Begin XCConfigurationList section */
		5266753D2C85EDCB001EF113 /* Build configuration list for PBXProject "ChatMLX" */ = {
			isa = XCConfigurationList;
			buildConfigurations = (
				5266754F2C85EDCC001EF113 /* Debug */,
				526675502C85EDCC001EF113 /* Release */,
			);
			defaultConfigurationIsVisible = 0;
			defaultConfigurationName = Release;
		};
		526675512C85EDCC001EF113 /* Build configuration list for PBXNativeTarget "ChatMLX" */ = {
			isa = XCConfigurationList;
			buildConfigurations = (
				526675522C85EDCC001EF113 /* Debug */,
				526675532C85EDCC001EF113 /* Release */,
			);
			defaultConfigurationIsVisible = 0;
			defaultConfigurationName = Release;
		};
/* End XCConfigurationList section */

/* Begin XCRemoteSwiftPackageReference section */
		526675602C85EFB3001EF113 /* XCRemoteSwiftPackageReference "Alamofire" */ = {
			isa = XCRemoteSwiftPackageReference;
			repositoryURL = "https://github.com/Alamofire/Alamofire.git";
			requirement = {
				kind = upToNextMajorVersion;
				minimumVersion = 5.9.1;
			};
		};
		526675632C85EFC7001EF113 /* XCRemoteSwiftPackageReference "AlertToast" */ = {
			isa = XCRemoteSwiftPackageReference;
			repositoryURL = "https://github.com/elai950/AlertToast.git";
			requirement = {
				kind = upToNextMajorVersion;
				minimumVersion = 1.3.9;
			};
		};
		526675662C85EFDF001EF113 /* XCRemoteSwiftPackageReference "CompactSlider" */ = {
			isa = XCRemoteSwiftPackageReference;
			repositoryURL = "https://github.com/buh/CompactSlider.git";
			requirement = {
				kind = upToNextMajorVersion;
				minimumVersion = 1.1.6;
			};
		};
		526675692C85F0E8001EF113 /* XCRemoteSwiftPackageReference "Defaults" */ = {
			isa = XCRemoteSwiftPackageReference;
			repositoryURL = "https://github.com/sindresorhus/Defaults.git";
			requirement = {
				branch = main;
				kind = branch;
			};
		};
		5266756C2C85F0FF001EF113 /* XCRemoteSwiftPackageReference "Luminare" */ = {
			isa = XCRemoteSwiftPackageReference;
			repositoryURL = "https://github.com/MrKai77/Luminare.git";
			requirement = {
				branch = main;
				kind = branch;
			};
		};
		526675722C85F1F9001EF113 /* XCRemoteSwiftPackageReference "splash" */ = {
			isa = XCRemoteSwiftPackageReference;
			repositoryURL = "https://github.com/johnsundell/splash.git";
			requirement = {
				kind = upToNextMajorVersion;
				minimumVersion = 0.16.0;
			};
		};
		526675752C85F26B001EF113 /* XCRemoteSwiftPackageReference "swift-log" */ = {
			isa = XCRemoteSwiftPackageReference;
			repositoryURL = "https://github.com/apple/swift-log";
			requirement = {
				kind = upToNextMajorVersion;
				minimumVersion = 1.6.1;
			};
		};
		526675782C85F486001EF113 /* XCRemoteSwiftPackageReference "swift-markdown-ui" */ = {
			isa = XCRemoteSwiftPackageReference;
			repositoryURL = "https://github.com/gonzalezreal/swift-markdown-ui.git";
			requirement = {
				branch = main;
				kind = branch;
			};
		};
		5266757B2C85F54D001EF113 /* XCRemoteSwiftPackageReference "swiftui-introspect" */ = {
			isa = XCRemoteSwiftPackageReference;
			repositoryURL = "https://github.com/siteline/swiftui-introspect.git";
			requirement = {
				kind = upToNextMajorVersion;
				minimumVersion = 1.3.0;
			};
		};
		527F48132C9EFD5D006AF9FA /* XCRemoteSwiftPackageReference "mlx-swift-examples" */ = {
			isa = XCRemoteSwiftPackageReference;
			repositoryURL = "https://github.com/ml-explore/mlx-swift-examples/";
			requirement = {
				branch = main;
				kind = branch;
			};
		};
/* End XCRemoteSwiftPackageReference section */

/* Begin XCSwiftPackageProductDependency section */
		523D8C502C9C7FCC0092791C /* Transformers */ = {
			isa = XCSwiftPackageProductDependency;
			productName = Transformers;
		};
		526675612C85EFB3001EF113 /* Alamofire */ = {
			isa = XCSwiftPackageProductDependency;
			package = 526675602C85EFB3001EF113 /* XCRemoteSwiftPackageReference "Alamofire" */;
			productName = Alamofire;
		};
		526675642C85EFC7001EF113 /* AlertToast */ = {
			isa = XCSwiftPackageProductDependency;
			package = 526675632C85EFC7001EF113 /* XCRemoteSwiftPackageReference "AlertToast" */;
			productName = AlertToast;
		};
		526675672C85EFDF001EF113 /* CompactSlider */ = {
			isa = XCSwiftPackageProductDependency;
			package = 526675662C85EFDF001EF113 /* XCRemoteSwiftPackageReference "CompactSlider" */;
			productName = CompactSlider;
		};
		5266756A2C85F0E8001EF113 /* Defaults */ = {
			isa = XCSwiftPackageProductDependency;
			package = 526675692C85F0E8001EF113 /* XCRemoteSwiftPackageReference "Defaults" */;
			productName = Defaults;
		};
		5266756D2C85F0FF001EF113 /* Luminare */ = {
			isa = XCSwiftPackageProductDependency;
			package = 5266756C2C85F0FF001EF113 /* XCRemoteSwiftPackageReference "Luminare" */;
			productName = Luminare;
		};
		526675732C85F1F9001EF113 /* Splash */ = {
			isa = XCSwiftPackageProductDependency;
			package = 526675722C85F1F9001EF113 /* XCRemoteSwiftPackageReference "splash" */;
			productName = Splash;
		};
		526675762C85F26B001EF113 /* Logging */ = {
			isa = XCSwiftPackageProductDependency;
			package = 526675752C85F26B001EF113 /* XCRemoteSwiftPackageReference "swift-log" */;
			productName = Logging;
		};
		526675792C85F487001EF113 /* MarkdownUI */ = {
			isa = XCSwiftPackageProductDependency;
			package = 526675782C85F486001EF113 /* XCRemoteSwiftPackageReference "swift-markdown-ui" */;
			productName = MarkdownUI;
		};
		5266757C2C85F54D001EF113 /* SwiftUIIntrospect */ = {
			isa = XCSwiftPackageProductDependency;
			package = 5266757B2C85F54D001EF113 /* XCRemoteSwiftPackageReference "swiftui-introspect" */;
			productName = SwiftUIIntrospect;
		};
		527F48142C9EFD5D006AF9FA /* LLM */ = {
			isa = XCSwiftPackageProductDependency;
			package = 527F48132C9EFD5D006AF9FA /* XCRemoteSwiftPackageReference "mlx-swift-examples" */;
			productName = LLM;
		};
		528DBE2E2C9C86FB004CDD88 /* Transformers */ = {
			isa = XCSwiftPackageProductDependency;
			productName = Transformers;
		};
		52E50B1C2C8D6E81005A89DE /* LLM */ = {
			isa = XCSwiftPackageProductDependency;
			productName = LLM;
		};
		52E50B1F2C8D719B005A89DE /* LLM */ = {
			isa = XCSwiftPackageProductDependency;
			productName = LLM;
		};
		52E50B212C8D719B005A89DE /* MNIST */ = {
			isa = XCSwiftPackageProductDependency;
			productName = MNIST;
		};
		52E50B282C8DF111005A89DE /* LLM */ = {
			isa = XCSwiftPackageProductDependency;
			productName = LLM;
		};
		52E50B2A2C8DF111005A89DE /* MNIST */ = {
			isa = XCSwiftPackageProductDependency;
			productName = MNIST;
		};
		52FD80BD2C8F21C2006C50F1 /* LLM */ = {
			isa = XCSwiftPackageProductDependency;
			productName = LLM;
		};
		52FD80BF2C8F21C2006C50F1 /* MNIST */ = {
			isa = XCSwiftPackageProductDependency;
			productName = MNIST;
		};
		52FD80C22C8F288A006C50F1 /* LLM */ = {
			isa = XCSwiftPackageProductDependency;
			productName = LLM;
		};
		52FD80C42C8F288A006C50F1 /* MNIST */ = {
			isa = XCSwiftPackageProductDependency;
			productName = MNIST;
		};
		52FD80C72C8F5E42006C50F1 /* LLM */ = {
			isa = XCSwiftPackageProductDependency;
			productName = LLM;
		};
		52FD80C92C8F5E42006C50F1 /* MNIST */ = {
			isa = XCSwiftPackageProductDependency;
			productName = MNIST;
		};
/* End XCSwiftPackageProductDependency section */

/* Begin XCVersionGroup section */
		528D83172CAD491900163AAB /* ChatMLX.xcdatamodeld */ = {
			isa = XCVersionGroup;
			children = (
				528D83182CAD491900163AAB /* ChatMLX.xcdatamodel */,
			);
			currentVersion = 528D83182CAD491900163AAB /* ChatMLX.xcdatamodel */;
			path = ChatMLX.xcdatamodeld;
			sourceTree = "<group>";
			versionGroupType = wrapper.xcdatamodel;
		};
/* End XCVersionGroup section */
	};
	rootObject = 5266753A2C85EDCB001EF113 /* Project object */;
}
