// !$*UTF8*$!
{
	archiveVersion = 1;
	classes = {
	};
	objectVersion = 60;
	objects = {

/* Begin PBXBuildFile section */
		520928A52BA6E9F000D2FEFE /* ChatMLXApp.swift in Sources */ = {isa = PBXBuildFile; fileRef = 520928A42BA6E9F000D2FEFE /* ChatMLXApp.swift */; };
		520928AE2BA6E9F100D2FEFE /* Preview Assets.xcassets in Resources */ = {isa = PBXBuildFile; fileRef = 520928AD2BA6E9F100D2FEFE /* Preview Assets.xcassets */; };
		520928B92BA6E9F100D2FEFE /* ChatMLXTests.swift in Sources */ = {isa = PBXBuildFile; fileRef = 520928B82BA6E9F100D2FEFE /* ChatMLXTests.swift */; };
		520928C32BA6E9F100D2FEFE /* ChatMLXUITests.swift in Sources */ = {isa = PBXBuildFile; fileRef = 520928C22BA6E9F100D2FEFE /* ChatMLXUITests.swift */; };
		520928C52BA6E9F100D2FEFE /* ChatMLXUITestsLaunchTests.swift in Sources */ = {isa = PBXBuildFile; fileRef = 520928C42BA6E9F100D2FEFE /* ChatMLXUITestsLaunchTests.swift */; };
		520928F82BA6EA4300D2FEFE /* Conversation.swift in Sources */ = {isa = PBXBuildFile; fileRef = 520928D12BA6EA4300D2FEFE /* Conversation.swift */; };
		520928F92BA6EA4300D2FEFE /* Message.swift in Sources */ = {isa = PBXBuildFile; fileRef = 520928D22BA6EA4300D2FEFE /* Message.swift */; };
		520928FA2BA6EA4300D2FEFE /* MLXModel.swift in Sources */ = {isa = PBXBuildFile; fileRef = 520928D32BA6EA4300D2FEFE /* MLXModel.swift */; };
		520928FB2BA6EA4300D2FEFE /* SettingsPage.swift in Sources */ = {isa = PBXBuildFile; fileRef = 520928D42BA6EA4300D2FEFE /* SettingsPage.swift */; };
		520928FC2BA6EA4300D2FEFE /* ViewOffsetKey.swift in Sources */ = {isa = PBXBuildFile; fileRef = 520928D52BA6EA4300D2FEFE /* ViewOffsetKey.swift */; };
		520928FD2BA6EA4300D2FEFE /* EffectView.swift in Sources */ = {isa = PBXBuildFile; fileRef = 520928D72BA6EA4300D2FEFE /* EffectView.swift */; };
		520928FE2BA6EA4300D2FEFE /* LabelledDivider.swift in Sources */ = {isa = PBXBuildFile; fileRef = 520928D82BA6EA4300D2FEFE /* LabelledDivider.swift */; };
		520928FF2BA6EA4300D2FEFE /* Binding++.swift in Sources */ = {isa = PBXBuildFile; fileRef = 520928DA2BA6EA4300D2FEFE /* Binding++.swift */; };
		520929002BA6EA4300D2FEFE /* View++.swift in Sources */ = {isa = PBXBuildFile; fileRef = 520928DB2BA6EA4300D2FEFE /* View++.swift */; };
		520929012BA6EA4300D2FEFE /* ChatDetailView.swift in Sources */ = {isa = PBXBuildFile; fileRef = 520928DD2BA6EA4300D2FEFE /* ChatDetailView.swift */; };
		520929022BA6EA4300D2FEFE /* ChatViewModel.swift in Sources */ = {isa = PBXBuildFile; fileRef = 520928DE2BA6EA4300D2FEFE /* ChatViewModel.swift */; };
		5209290A2BA6EA4300D2FEFE /* HuggingfaceSettingsView.swift in Sources */ = {isa = PBXBuildFile; fileRef = 520928E72BA6EA4300D2FEFE /* HuggingfaceSettingsView.swift */; };
		5209290B2BA6EA4300D2FEFE /* ModelItemDetails.swift in Sources */ = {isa = PBXBuildFile; fileRef = 520928E82BA6EA4300D2FEFE /* ModelItemDetails.swift */; };
		5209290C2BA6EA4300D2FEFE /* ModelItemView.swift in Sources */ = {isa = PBXBuildFile; fileRef = 520928E92BA6EA4300D2FEFE /* ModelItemView.swift */; };
		5209290D2BA6EA4300D2FEFE /* ModelsSettingsView.swift in Sources */ = {isa = PBXBuildFile; fileRef = 520928EA2BA6EA4300D2FEFE /* ModelsSettingsView.swift */; };
		5209290E2BA6EA4300D2FEFE /* SettingsForm.swift in Sources */ = {isa = PBXBuildFile; fileRef = 520928EB2BA6EA4300D2FEFE /* SettingsForm.swift */; };
		5209290F2BA6EA4300D2FEFE /* SettingsView.swift in Sources */ = {isa = PBXBuildFile; fileRef = 520928EC2BA6EA4300D2FEFE /* SettingsView.swift */; };
		520929102BA6EA4300D2FEFE /* SettingsViewModel.swift in Sources */ = {isa = PBXBuildFile; fileRef = 520928ED2BA6EA4300D2FEFE /* SettingsViewModel.swift */; };
		520929112BA6EA4300D2FEFE /* HuggingfaceEndpoint.swift in Sources */ = {isa = PBXBuildFile; fileRef = 520928F02BA6EA4300D2FEFE /* HuggingfaceEndpoint.swift */; };
		520929122BA6EA4300D2FEFE /* Preferences.swift in Sources */ = {isa = PBXBuildFile; fileRef = 520928F12BA6EA4300D2FEFE /* Preferences.swift */; };
		520929132BA6EA4300D2FEFE /* Assets.xcassets in Resources */ = {isa = PBXBuildFile; fileRef = 520928F32BA6EA4300D2FEFE /* Assets.xcassets */; };
		520929142BA6EA4300D2FEFE /* ModelUtility.swift in Sources */ = {isa = PBXBuildFile; fileRef = 520928F62BA6EA4300D2FEFE /* ModelUtility.swift */; };
		5209291D2BA6EABD00D2FEFE /* CompactSlider in Frameworks */ = {isa = PBXBuildFile; productRef = 5209291C2BA6EABD00D2FEFE /* CompactSlider */; };
		5209291F2BA6EABD00D2FEFE /* MarkdownUI in Frameworks */ = {isa = PBXBuildFile; productRef = 5209291E2BA6EABD00D2FEFE /* MarkdownUI */; };
		520929212BA6EABD00D2FEFE /* SwiftUIIntrospect in Frameworks */ = {isa = PBXBuildFile; productRef = 520929202BA6EABD00D2FEFE /* SwiftUIIntrospect */; };
		520F599A2BCA9C65005DCEE0 /* ChatSidebarItemView.swift in Sources */ = {isa = PBXBuildFile; fileRef = 520F59992BCA9C65005DCEE0 /* ChatSidebarItemView.swift */; };
		520F599C2BCAC5AD005DCEE0 /* TableViewDelegate.swift in Sources */ = {isa = PBXBuildFile; fileRef = 520F599B2BCAC5AD005DCEE0 /* TableViewDelegate.swift */; };
		5223105F2BC2EDEF00031E96 /* MessageView.swift in Sources */ = {isa = PBXBuildFile; fileRef = 5223105E2BC2EDEF00031E96 /* MessageView.swift */; };
		522310612BC2EE4E00031E96 /* ChatSidebarView.swift in Sources */ = {isa = PBXBuildFile; fileRef = 522310602BC2EE4E00031E96 /* ChatSidebarView.swift */; };
		522310652BC301DB00031E96 /* LLMGenerator.swift in Sources */ = {isa = PBXBuildFile; fileRef = 522310642BC301DB00031E96 /* LLMGenerator.swift */; };
		523A76932BC2CFFF00B2CF82 /* Featrue.swift in Sources */ = {isa = PBXBuildFile; fileRef = 523A76922BC2CFFF00B2CF82 /* Featrue.swift */; };
		523A76952BC2D06400B2CF82 /* SiderView.swift in Sources */ = {isa = PBXBuildFile; fileRef = 523A76942BC2D06400B2CF82 /* SiderView.swift */; };
		523A76972BC2D08800B2CF82 /* AppViewModel.swift in Sources */ = {isa = PBXBuildFile; fileRef = 523A76962BC2D08800B2CF82 /* AppViewModel.swift */; };
		523A769B2BC2D80E00B2CF82 /* ContentView.swift in Sources */ = {isa = PBXBuildFile; fileRef = 523A769A2BC2D80E00B2CF82 /* ContentView.swift */; };
		523A769D2BC2D84C00B2CF82 /* DetailView.swift in Sources */ = {isa = PBXBuildFile; fileRef = 523A769C2BC2D84C00B2CF82 /* DetailView.swift */; };
		523A76A02BC2DFA900B2CF82 /* PromptView.swift in Sources */ = {isa = PBXBuildFile; fileRef = 523A769F2BC2DFA900B2CF82 /* PromptView.swift */; };
		523A76A22BC2DFD300B2CF82 /* PromptViewModel.swift in Sources */ = {isa = PBXBuildFile; fileRef = 523A76A12BC2DFD300B2CF82 /* PromptViewModel.swift */; };
		523A76A42BC2E0E200B2CF82 /* DisplayStyle.swift in Sources */ = {isa = PBXBuildFile; fileRef = 523A76A32BC2E0E200B2CF82 /* DisplayStyle.swift */; };
		523A76A62BC2E19900B2CF82 /* TextEditorWithPlaceholder.swift in Sources */ = {isa = PBXBuildFile; fileRef = 523A76A52BC2E19900B2CF82 /* TextEditorWithPlaceholder.swift */; };
		523A76A82BC2E1D300B2CF82 /* PromptInputView.swift in Sources */ = {isa = PBXBuildFile; fileRef = 523A76A72BC2E1D300B2CF82 /* PromptInputView.swift */; };
		523A76AA2BC2E22500B2CF82 /* PromptOutputView.swift in Sources */ = {isa = PBXBuildFile; fileRef = 523A76A92BC2E22500B2CF82 /* PromptOutputView.swift */; };
		523A76AC2BC2E26F00B2CF82 /* PromptParametersSheetView.swift in Sources */ = {isa = PBXBuildFile; fileRef = 523A76AB2BC2E26F00B2CF82 /* PromptParametersSheetView.swift */; };
		5264B9752BA6F22200B94330 /* ModelState.swift in Sources */ = {isa = PBXBuildFile; fileRef = 5264B9742BA6F22200B94330 /* ModelState.swift */; };
		527B74A32BBDBD4E00B01B5A /* AppView.swift in Sources */ = {isa = PBXBuildFile; fileRef = 527B74A22BBDBD4E00B01B5A /* AppView.swift */; };
		52C8C8AD2BBE9EB1003AB09F /* SidebarButtonStyle.swift in Sources */ = {isa = PBXBuildFile; fileRef = 52C8C8AC2BBE9EB1003AB09F /* SidebarButtonStyle.swift */; };
		52D079B32BC6EC9F00E778B4 /* BlackButtonStyle.swift in Sources */ = {isa = PBXBuildFile; fileRef = 52D079B22BC6EC9F00E778B4 /* BlackButtonStyle.swift */; };
		52D079B52BC83F6A00E778B4 /* SplashCodeSyntaxHighlighter.swift in Sources */ = {isa = PBXBuildFile; fileRef = 52D079B42BC83F6A00E778B4 /* SplashCodeSyntaxHighlighter.swift */; };
		52D079B82BC8408B00E778B4 /* Splash in Frameworks */ = {isa = PBXBuildFile; productRef = 52D079B72BC8408B00E778B4 /* Splash */; };
		52D079BA2BC840BD00E778B4 /* TextOutputFormat.swift in Sources */ = {isa = PBXBuildFile; fileRef = 52D079B92BC840BD00E778B4 /* TextOutputFormat.swift */; };
		52E36BB02BC411740014DFF0 /* Tokenizer.swift in Sources */ = {isa = PBXBuildFile; fileRef = 52E36BAF2BC411740014DFF0 /* Tokenizer.swift */; };
		52E36BB22BC4120D0014DFF0 /* ChatMLXError.swift in Sources */ = {isa = PBXBuildFile; fileRef = 52E36BB12BC4120D0014DFF0 /* ChatMLXError.swift */; };
		52E36BB42BC41C400014DFF0 /* Load.swift in Sources */ = {isa = PBXBuildFile; fileRef = 52E36BB32BC41C400014DFF0 /* Load.swift */; };
		52E36BB62BC41E050014DFF0 /* LLM in Frameworks */ = {isa = PBXBuildFile; productRef = 52E36BB52BC41E050014DFF0 /* LLM */; };
		52E36BB82BC4401F0014DFF0 /* AppStroe.swift in Sources */ = {isa = PBXBuildFile; fileRef = 52E36BB72BC4401F0014DFF0 /* AppStroe.swift */; };
		52E36BBB2BC59A560014DFF0 /* AlertToast in Frameworks */ = {isa = PBXBuildFile; productRef = 52E36BBA2BC59A560014DFF0 /* AlertToast */; };
		52EDE9042BB4810700DBEB93 /* Transformers in Frameworks */ = {isa = PBXBuildFile; productRef = 52EDE9032BB4810700DBEB93 /* Transformers */; };
/* End PBXBuildFile section */

/* Begin PBXContainerItemProxy section */
		520928B52BA6E9F100D2FEFE /* PBXContainerItemProxy */ = {
			isa = PBXContainerItemProxy;
			containerPortal = 520928992BA6E9F000D2FEFE /* Project object */;
			proxyType = 1;
			remoteGlobalIDString = 520928A02BA6E9F000D2FEFE;
			remoteInfo = ChatMLX;
		};
		520928BF2BA6E9F100D2FEFE /* PBXContainerItemProxy */ = {
			isa = PBXContainerItemProxy;
			containerPortal = 520928992BA6E9F000D2FEFE /* Project object */;
			proxyType = 1;
			remoteGlobalIDString = 520928A02BA6E9F000D2FEFE;
			remoteInfo = ChatMLX;
		};
/* End PBXContainerItemProxy section */

/* Begin PBXCopyFilesBuildPhase section */
		5264B9C12BA6F5FF00B94330 /* Embed Frameworks */ = {
			isa = PBXCopyFilesBuildPhase;
			buildActionMask = 2147483647;
			dstPath = "";
			dstSubfolderSpec = 10;
			files = (
			);
			name = "Embed Frameworks";
			runOnlyForDeploymentPostprocessing = 0;
		};
/* End PBXCopyFilesBuildPhase section */

/* Begin PBXFileReference section */
		520928A12BA6E9F000D2FEFE /* ChatMLX.app */ = {isa = PBXFileReference; explicitFileType = wrapper.application; includeInIndex = 0; path = ChatMLX.app; sourceTree = BUILT_PRODUCTS_DIR; };
		520928A42BA6E9F000D2FEFE /* ChatMLXApp.swift */ = {isa = PBXFileReference; lastKnownFileType = sourcecode.swift; path = ChatMLXApp.swift; sourceTree = "<group>"; };
		520928AD2BA6E9F100D2FEFE /* Preview Assets.xcassets */ = {isa = PBXFileReference; lastKnownFileType = folder.assetcatalog; path = "Preview Assets.xcassets"; sourceTree = "<group>"; };
		520928B42BA6E9F100D2FEFE /* ChatMLXTests.xctest */ = {isa = PBXFileReference; explicitFileType = wrapper.cfbundle; includeInIndex = 0; path = ChatMLXTests.xctest; sourceTree = BUILT_PRODUCTS_DIR; };
		520928B82BA6E9F100D2FEFE /* ChatMLXTests.swift */ = {isa = PBXFileReference; lastKnownFileType = sourcecode.swift; path = ChatMLXTests.swift; sourceTree = "<group>"; };
		520928BE2BA6E9F100D2FEFE /* ChatMLXUITests.xctest */ = {isa = PBXFileReference; explicitFileType = wrapper.cfbundle; includeInIndex = 0; path = ChatMLXUITests.xctest; sourceTree = BUILT_PRODUCTS_DIR; };
		520928C22BA6E9F100D2FEFE /* ChatMLXUITests.swift */ = {isa = PBXFileReference; lastKnownFileType = sourcecode.swift; path = ChatMLXUITests.swift; sourceTree = "<group>"; };
		520928C42BA6E9F100D2FEFE /* ChatMLXUITestsLaunchTests.swift */ = {isa = PBXFileReference; lastKnownFileType = sourcecode.swift; path = ChatMLXUITestsLaunchTests.swift; sourceTree = "<group>"; };
		520928D12BA6EA4300D2FEFE /* Conversation.swift */ = {isa = PBXFileReference; fileEncoding = 4; lastKnownFileType = sourcecode.swift; path = Conversation.swift; sourceTree = "<group>"; };
		520928D22BA6EA4300D2FEFE /* Message.swift */ = {isa = PBXFileReference; fileEncoding = 4; lastKnownFileType = sourcecode.swift; path = Message.swift; sourceTree = "<group>"; };
		520928D32BA6EA4300D2FEFE /* MLXModel.swift */ = {isa = PBXFileReference; fileEncoding = 4; lastKnownFileType = sourcecode.swift; path = MLXModel.swift; sourceTree = "<group>"; };
		520928D42BA6EA4300D2FEFE /* SettingsPage.swift */ = {isa = PBXFileReference; fileEncoding = 4; lastKnownFileType = sourcecode.swift; path = SettingsPage.swift; sourceTree = "<group>"; };
		520928D52BA6EA4300D2FEFE /* ViewOffsetKey.swift */ = {isa = PBXFileReference; fileEncoding = 4; lastKnownFileType = sourcecode.swift; path = ViewOffsetKey.swift; sourceTree = "<group>"; };
		520928D72BA6EA4300D2FEFE /* EffectView.swift */ = {isa = PBXFileReference; fileEncoding = 4; lastKnownFileType = sourcecode.swift; path = EffectView.swift; sourceTree = "<group>"; };
		520928D82BA6EA4300D2FEFE /* LabelledDivider.swift */ = {isa = PBXFileReference; fileEncoding = 4; lastKnownFileType = sourcecode.swift; path = LabelledDivider.swift; sourceTree = "<group>"; };
		520928DA2BA6EA4300D2FEFE /* Binding++.swift */ = {isa = PBXFileReference; fileEncoding = 4; lastKnownFileType = sourcecode.swift; path = "Binding++.swift"; sourceTree = "<group>"; };
		520928DB2BA6EA4300D2FEFE /* View++.swift */ = {isa = PBXFileReference; fileEncoding = 4; lastKnownFileType = sourcecode.swift; path = "View++.swift"; sourceTree = "<group>"; };
		520928DD2BA6EA4300D2FEFE /* ChatDetailView.swift */ = {isa = PBXFileReference; fileEncoding = 4; lastKnownFileType = sourcecode.swift; path = ChatDetailView.swift; sourceTree = "<group>"; };
		520928DE2BA6EA4300D2FEFE /* ChatViewModel.swift */ = {isa = PBXFileReference; fileEncoding = 4; lastKnownFileType = sourcecode.swift; path = ChatViewModel.swift; sourceTree = "<group>"; };
		520928E72BA6EA4300D2FEFE /* HuggingfaceSettingsView.swift */ = {isa = PBXFileReference; fileEncoding = 4; lastKnownFileType = sourcecode.swift; path = HuggingfaceSettingsView.swift; sourceTree = "<group>"; };
		520928E82BA6EA4300D2FEFE /* ModelItemDetails.swift */ = {isa = PBXFileReference; fileEncoding = 4; lastKnownFileType = sourcecode.swift; path = ModelItemDetails.swift; sourceTree = "<group>"; };
		520928E92BA6EA4300D2FEFE /* ModelItemView.swift */ = {isa = PBXFileReference; fileEncoding = 4; lastKnownFileType = sourcecode.swift; path = ModelItemView.swift; sourceTree = "<group>"; };
		520928EA2BA6EA4300D2FEFE /* ModelsSettingsView.swift */ = {isa = PBXFileReference; fileEncoding = 4; lastKnownFileType = sourcecode.swift; path = ModelsSettingsView.swift; sourceTree = "<group>"; };
		520928EB2BA6EA4300D2FEFE /* SettingsForm.swift */ = {isa = PBXFileReference; fileEncoding = 4; lastKnownFileType = sourcecode.swift; path = SettingsForm.swift; sourceTree = "<group>"; };
		520928EC2BA6EA4300D2FEFE /* SettingsView.swift */ = {isa = PBXFileReference; fileEncoding = 4; lastKnownFileType = sourcecode.swift; path = SettingsView.swift; sourceTree = "<group>"; };
		520928ED2BA6EA4300D2FEFE /* SettingsViewModel.swift */ = {isa = PBXFileReference; fileEncoding = 4; lastKnownFileType = sourcecode.swift; path = SettingsViewModel.swift; sourceTree = "<group>"; };
		520928F02BA6EA4300D2FEFE /* HuggingfaceEndpoint.swift */ = {isa = PBXFileReference; fileEncoding = 4; lastKnownFileType = sourcecode.swift; path = HuggingfaceEndpoint.swift; sourceTree = "<group>"; };
		520928F12BA6EA4300D2FEFE /* Preferences.swift */ = {isa = PBXFileReference; fileEncoding = 4; lastKnownFileType = sourcecode.swift; path = Preferences.swift; sourceTree = "<group>"; };
		520928F32BA6EA4300D2FEFE /* Assets.xcassets */ = {isa = PBXFileReference; lastKnownFileType = folder.assetcatalog; path = Assets.xcassets; sourceTree = "<group>"; };
		520928F42BA6EA4300D2FEFE /* ChatMLX.entitlements */ = {isa = PBXFileReference; fileEncoding = 4; lastKnownFileType = text.plist.entitlements; path = ChatMLX.entitlements; sourceTree = "<group>"; };
		520928F62BA6EA4300D2FEFE /* ModelUtility.swift */ = {isa = PBXFileReference; fileEncoding = 4; lastKnownFileType = sourcecode.swift; path = ModelUtility.swift; sourceTree = "<group>"; };
		520F59992BCA9C65005DCEE0 /* ChatSidebarItemView.swift */ = {isa = PBXFileReference; lastKnownFileType = sourcecode.swift; path = ChatSidebarItemView.swift; sourceTree = "<group>"; };
		520F599B2BCAC5AD005DCEE0 /* TableViewDelegate.swift */ = {isa = PBXFileReference; lastKnownFileType = sourcecode.swift; path = TableViewDelegate.swift; sourceTree = "<group>"; };
		5223105E2BC2EDEF00031E96 /* MessageView.swift */ = {isa = PBXFileReference; lastKnownFileType = sourcecode.swift; path = MessageView.swift; sourceTree = "<group>"; };
		522310602BC2EE4E00031E96 /* ChatSidebarView.swift */ = {isa = PBXFileReference; lastKnownFileType = sourcecode.swift; path = ChatSidebarView.swift; sourceTree = "<group>"; };
		522310642BC301DB00031E96 /* LLMGenerator.swift */ = {isa = PBXFileReference; lastKnownFileType = sourcecode.swift; path = LLMGenerator.swift; sourceTree = "<group>"; };
		523A76922BC2CFFF00B2CF82 /* Featrue.swift */ = {isa = PBXFileReference; lastKnownFileType = sourcecode.swift; path = Featrue.swift; sourceTree = "<group>"; };
		523A76942BC2D06400B2CF82 /* SiderView.swift */ = {isa = PBXFileReference; lastKnownFileType = sourcecode.swift; path = SiderView.swift; sourceTree = "<group>"; };
		523A76962BC2D08800B2CF82 /* AppViewModel.swift */ = {isa = PBXFileReference; lastKnownFileType = sourcecode.swift; path = AppViewModel.swift; sourceTree = "<group>"; };
		523A769A2BC2D80E00B2CF82 /* ContentView.swift */ = {isa = PBXFileReference; lastKnownFileType = sourcecode.swift; path = ContentView.swift; sourceTree = "<group>"; };
		523A769C2BC2D84C00B2CF82 /* DetailView.swift */ = {isa = PBXFileReference; lastKnownFileType = sourcecode.swift; path = DetailView.swift; sourceTree = "<group>"; };
		523A769F2BC2DFA900B2CF82 /* PromptView.swift */ = {isa = PBXFileReference; lastKnownFileType = sourcecode.swift; path = PromptView.swift; sourceTree = "<group>"; };
		523A76A12BC2DFD300B2CF82 /* PromptViewModel.swift */ = {isa = PBXFileReference; lastKnownFileType = sourcecode.swift; path = PromptViewModel.swift; sourceTree = "<group>"; };
		523A76A32BC2E0E200B2CF82 /* DisplayStyle.swift */ = {isa = PBXFileReference; lastKnownFileType = sourcecode.swift; path = DisplayStyle.swift; sourceTree = "<group>"; };
		523A76A52BC2E19900B2CF82 /* TextEditorWithPlaceholder.swift */ = {isa = PBXFileReference; lastKnownFileType = sourcecode.swift; path = TextEditorWithPlaceholder.swift; sourceTree = "<group>"; };
		523A76A72BC2E1D300B2CF82 /* PromptInputView.swift */ = {isa = PBXFileReference; lastKnownFileType = sourcecode.swift; path = PromptInputView.swift; sourceTree = "<group>"; };
		523A76A92BC2E22500B2CF82 /* PromptOutputView.swift */ = {isa = PBXFileReference; lastKnownFileType = sourcecode.swift; path = PromptOutputView.swift; sourceTree = "<group>"; };
		523A76AB2BC2E26F00B2CF82 /* PromptParametersSheetView.swift */ = {isa = PBXFileReference; lastKnownFileType = sourcecode.swift; path = PromptParametersSheetView.swift; sourceTree = "<group>"; };
		5264B9742BA6F22200B94330 /* ModelState.swift */ = {isa = PBXFileReference; lastKnownFileType = sourcecode.swift; path = ModelState.swift; sourceTree = "<group>"; };
		527B74A22BBDBD4E00B01B5A /* AppView.swift */ = {isa = PBXFileReference; lastKnownFileType = sourcecode.swift; path = AppView.swift; sourceTree = "<group>"; };
		52C8C8AC2BBE9EB1003AB09F /* SidebarButtonStyle.swift */ = {isa = PBXFileReference; lastKnownFileType = sourcecode.swift; path = SidebarButtonStyle.swift; sourceTree = "<group>"; };
		52D079B22BC6EC9F00E778B4 /* BlackButtonStyle.swift */ = {isa = PBXFileReference; lastKnownFileType = sourcecode.swift; path = BlackButtonStyle.swift; sourceTree = "<group>"; };
		52D079B42BC83F6A00E778B4 /* SplashCodeSyntaxHighlighter.swift */ = {isa = PBXFileReference; lastKnownFileType = sourcecode.swift; path = SplashCodeSyntaxHighlighter.swift; sourceTree = "<group>"; };
		52D079B92BC840BD00E778B4 /* TextOutputFormat.swift */ = {isa = PBXFileReference; lastKnownFileType = sourcecode.swift; path = TextOutputFormat.swift; sourceTree = "<group>"; };
		52E36BAF2BC411740014DFF0 /* Tokenizer.swift */ = {isa = PBXFileReference; lastKnownFileType = sourcecode.swift; path = Tokenizer.swift; sourceTree = "<group>"; };
		52E36BB12BC4120D0014DFF0 /* ChatMLXError.swift */ = {isa = PBXFileReference; lastKnownFileType = sourcecode.swift; path = ChatMLXError.swift; sourceTree = "<group>"; };
		52E36BB32BC41C400014DFF0 /* Load.swift */ = {isa = PBXFileReference; lastKnownFileType = sourcecode.swift; path = Load.swift; sourceTree = "<group>"; };
		52E36BB72BC4401F0014DFF0 /* AppStroe.swift */ = {isa = PBXFileReference; lastKnownFileType = sourcecode.swift; path = AppStroe.swift; sourceTree = "<group>"; };
/* End PBXFileReference section */

/* Begin PBXFrameworksBuildPhase section */
		5209289E2BA6E9F000D2FEFE /* Frameworks */ = {
			isa = PBXFrameworksBuildPhase;
			buildActionMask = 2147483647;
			files = (
				52E36BBB2BC59A560014DFF0 /* AlertToast in Frameworks */,
				5209291F2BA6EABD00D2FEFE /* MarkdownUI in Frameworks */,
				5209291D2BA6EABD00D2FEFE /* CompactSlider in Frameworks */,
				52D079B82BC8408B00E778B4 /* Splash in Frameworks */,
				52EDE9042BB4810700DBEB93 /* Transformers in Frameworks */,
				52E36BB62BC41E050014DFF0 /* LLM in Frameworks */,
				520929212BA6EABD00D2FEFE /* SwiftUIIntrospect in Frameworks */,
			);
			runOnlyForDeploymentPostprocessing = 0;
		};
		520928B12BA6E9F100D2FEFE /* Frameworks */ = {
			isa = PBXFrameworksBuildPhase;
			buildActionMask = 2147483647;
			files = (
			);
			runOnlyForDeploymentPostprocessing = 0;
		};
		520928BB2BA6E9F100D2FEFE /* Frameworks */ = {
			isa = PBXFrameworksBuildPhase;
			buildActionMask = 2147483647;
			files = (
			);
			runOnlyForDeploymentPostprocessing = 0;
		};
/* End PBXFrameworksBuildPhase section */

/* Begin PBXGroup section */
		520928982BA6E9F000D2FEFE = {
			isa = PBXGroup;
			children = (
				520928A32BA6E9F000D2FEFE /* ChatMLX */,
				520928B72BA6E9F100D2FEFE /* ChatMLXTests */,
				520928C12BA6E9F100D2FEFE /* ChatMLXUITests */,
				520928A22BA6E9F000D2FEFE /* Products */,
				520929192BA6EABD00D2FEFE /* Frameworks */,
			);
			sourceTree = "<group>";
		};
		520928A22BA6E9F000D2FEFE /* Products */ = {
			isa = PBXGroup;
			children = (
				520928A12BA6E9F000D2FEFE /* ChatMLX.app */,
				520928B42BA6E9F100D2FEFE /* ChatMLXTests.xctest */,
				520928BE2BA6E9F100D2FEFE /* ChatMLXUITests.xctest */,
			);
			name = Products;
			sourceTree = "<group>";
		};
		520928A32BA6E9F000D2FEFE /* ChatMLX */ = {
			isa = PBXGroup;
			children = (
				520928A42BA6E9F000D2FEFE /* ChatMLXApp.swift */,
				520928D92BA6EA4300D2FEFE /* Components */,
				520928F22BA6EA4300D2FEFE /* Enums */,
				520928DC2BA6EA4300D2FEFE /* Extensions */,
				520928EF2BA6EA4300D2FEFE /* Features */,
				520928D62BA6EA4300D2FEFE /* Models */,
				520928AC2BA6E9F100D2FEFE /* Preview Content */,
				520928F52BA6EA4300D2FEFE /* Resources */,
				520928F72BA6EA4300D2FEFE /* Utilities */,
			);
			path = ChatMLX;
			sourceTree = "<group>";
		};
		520928AC2BA6E9F100D2FEFE /* Preview Content */ = {
			isa = PBXGroup;
			children = (
				520928AD2BA6E9F100D2FEFE /* Preview Assets.xcassets */,
			);
			path = "Preview Content";
			sourceTree = "<group>";
		};
		520928B72BA6E9F100D2FEFE /* ChatMLXTests */ = {
			isa = PBXGroup;
			children = (
				520928B82BA6E9F100D2FEFE /* ChatMLXTests.swift */,
			);
			path = ChatMLXTests;
			sourceTree = "<group>";
		};
		520928C12BA6E9F100D2FEFE /* ChatMLXUITests */ = {
			isa = PBXGroup;
			children = (
				520928C22BA6E9F100D2FEFE /* ChatMLXUITests.swift */,
				520928C42BA6E9F100D2FEFE /* ChatMLXUITestsLaunchTests.swift */,
			);
			path = ChatMLXUITests;
			sourceTree = "<group>";
		};
		520928D62BA6EA4300D2FEFE /* Models */ = {
			isa = PBXGroup;
			children = (
				520928D12BA6EA4300D2FEFE /* Conversation.swift */,
				520928D22BA6EA4300D2FEFE /* Message.swift */,
				520928D32BA6EA4300D2FEFE /* MLXModel.swift */,
				520928D42BA6EA4300D2FEFE /* SettingsPage.swift */,
				520928D52BA6EA4300D2FEFE /* ViewOffsetKey.swift */,
				523A76922BC2CFFF00B2CF82 /* Featrue.swift */,
				52E36BB12BC4120D0014DFF0 /* ChatMLXError.swift */,
			);
			path = Models;
			sourceTree = "<group>";
		};
		520928D92BA6EA4300D2FEFE /* Components */ = {
			isa = PBXGroup;
			children = (
				520928D72BA6EA4300D2FEFE /* EffectView.swift */,
				520928D82BA6EA4300D2FEFE /* LabelledDivider.swift */,
				52C8C8AC2BBE9EB1003AB09F /* SidebarButtonStyle.swift */,
				523A76A52BC2E19900B2CF82 /* TextEditorWithPlaceholder.swift */,
				52D079B22BC6EC9F00E778B4 /* BlackButtonStyle.swift */,
				52D079B92BC840BD00E778B4 /* TextOutputFormat.swift */,
				52D079B42BC83F6A00E778B4 /* SplashCodeSyntaxHighlighter.swift */,
				520F599B2BCAC5AD005DCEE0 /* TableViewDelegate.swift */,
			);
			path = Components;
			sourceTree = "<group>";
		};
		520928DC2BA6EA4300D2FEFE /* Extensions */ = {
			isa = PBXGroup;
			children = (
				520928DA2BA6EA4300D2FEFE /* Binding++.swift */,
				520928DB2BA6EA4300D2FEFE /* View++.swift */,
			);
			path = Extensions;
			sourceTree = "<group>";
		};
		520928E62BA6EA4300D2FEFE /* Chat */ = {
			isa = PBXGroup;
			children = (
				520928DD2BA6EA4300D2FEFE /* ChatDetailView.swift */,
				520928DE2BA6EA4300D2FEFE /* ChatViewModel.swift */,
				5223105E2BC2EDEF00031E96 /* MessageView.swift */,
				522310602BC2EE4E00031E96 /* ChatSidebarView.swift */,
				520F59992BCA9C65005DCEE0 /* ChatSidebarItemView.swift */,
			);
			path = Chat;
			sourceTree = "<group>";
		};
		520928EE2BA6EA4300D2FEFE /* Settings */ = {
			isa = PBXGroup;
			children = (
				520928E72BA6EA4300D2FEFE /* HuggingfaceSettingsView.swift */,
				520928E82BA6EA4300D2FEFE /* ModelItemDetails.swift */,
				520928E92BA6EA4300D2FEFE /* ModelItemView.swift */,
				520928EA2BA6EA4300D2FEFE /* ModelsSettingsView.swift */,
				520928EB2BA6EA4300D2FEFE /* SettingsForm.swift */,
				520928EC2BA6EA4300D2FEFE /* SettingsView.swift */,
				520928ED2BA6EA4300D2FEFE /* SettingsViewModel.swift */,
			);
			path = Settings;
			sourceTree = "<group>";
		};
		520928EF2BA6EA4300D2FEFE /* Features */ = {
			isa = PBXGroup;
			children = (
				523A769E2BC2D8AF00B2CF82 /* Prompt */,
				523A76912BC2CFCE00B2CF82 /* App */,
				520928E62BA6EA4300D2FEFE /* Chat */,
				520928EE2BA6EA4300D2FEFE /* Settings */,
				52E36BB72BC4401F0014DFF0 /* AppStroe.swift */,
			);
			path = Features;
			sourceTree = "<group>";
		};
		520928F22BA6EA4300D2FEFE /* Enums */ = {
			isa = PBXGroup;
			children = (
				520928F02BA6EA4300D2FEFE /* HuggingfaceEndpoint.swift */,
				520928F12BA6EA4300D2FEFE /* Preferences.swift */,
				5264B9742BA6F22200B94330 /* ModelState.swift */,
				523A76A32BC2E0E200B2CF82 /* DisplayStyle.swift */,
			);
			path = Enums;
			sourceTree = "<group>";
		};
		520928F52BA6EA4300D2FEFE /* Resources */ = {
			isa = PBXGroup;
			children = (
				520928F32BA6EA4300D2FEFE /* Assets.xcassets */,
				520928F42BA6EA4300D2FEFE /* ChatMLX.entitlements */,
			);
			path = Resources;
			sourceTree = "<group>";
		};
		520928F72BA6EA4300D2FEFE /* Utilities */ = {
			isa = PBXGroup;
			children = (
				520928F62BA6EA4300D2FEFE /* ModelUtility.swift */,
				522310642BC301DB00031E96 /* LLMGenerator.swift */,
				52E36BAF2BC411740014DFF0 /* Tokenizer.swift */,
				52E36BB32BC41C400014DFF0 /* Load.swift */,
			);
			path = Utilities;
			sourceTree = "<group>";
		};
		520929192BA6EABD00D2FEFE /* Frameworks */ = {
			isa = PBXGroup;
			children = (
			);
			name = Frameworks;
			sourceTree = "<group>";
		};
		523A76912BC2CFCE00B2CF82 /* App */ = {
			isa = PBXGroup;
			children = (
				527B74A22BBDBD4E00B01B5A /* AppView.swift */,
				523A76942BC2D06400B2CF82 /* SiderView.swift */,
				523A76962BC2D08800B2CF82 /* AppViewModel.swift */,
				523A769A2BC2D80E00B2CF82 /* ContentView.swift */,
				523A769C2BC2D84C00B2CF82 /* DetailView.swift */,
			);
			path = App;
			sourceTree = "<group>";
		};
		523A769E2BC2D8AF00B2CF82 /* Prompt */ = {
			isa = PBXGroup;
			children = (
				523A769F2BC2DFA900B2CF82 /* PromptView.swift */,
				523A76A12BC2DFD300B2CF82 /* PromptViewModel.swift */,
				523A76A72BC2E1D300B2CF82 /* PromptInputView.swift */,
				523A76A92BC2E22500B2CF82 /* PromptOutputView.swift */,
				523A76AB2BC2E26F00B2CF82 /* PromptParametersSheetView.swift */,
			);
			path = Prompt;
			sourceTree = "<group>";
		};
/* End PBXGroup section */

/* Begin PBXNativeTarget section */
		520928A02BA6E9F000D2FEFE /* ChatMLX */ = {
			isa = PBXNativeTarget;
			buildConfigurationList = 520928C82BA6E9F100D2FEFE /* Build configuration list for PBXNativeTarget "ChatMLX" */;
			buildPhases = (
				5209289D2BA6E9F000D2FEFE /* Sources */,
				5209289E2BA6E9F000D2FEFE /* Frameworks */,
				5209289F2BA6E9F000D2FEFE /* Resources */,
				5264B9C12BA6F5FF00B94330 /* Embed Frameworks */,
			);
			buildRules = (
			);
			dependencies = (
			);
			name = ChatMLX;
			packageProductDependencies = (
				5209291C2BA6EABD00D2FEFE /* CompactSlider */,
				5209291E2BA6EABD00D2FEFE /* MarkdownUI */,
				520929202BA6EABD00D2FEFE /* SwiftUIIntrospect */,
				52EDE9032BB4810700DBEB93 /* Transformers */,
				52E36BB52BC41E050014DFF0 /* LLM */,
				52E36BBA2BC59A560014DFF0 /* AlertToast */,
				52D079B72BC8408B00E778B4 /* Splash */,
			);
			productName = ChatMLX;
			productReference = 520928A12BA6E9F000D2FEFE /* ChatMLX.app */;
			productType = "com.apple.product-type.application";
		};
		520928B32BA6E9F100D2FEFE /* ChatMLXTests */ = {
			isa = PBXNativeTarget;
			buildConfigurationList = 520928CB2BA6E9F100D2FEFE /* Build configuration list for PBXNativeTarget "ChatMLXTests" */;
			buildPhases = (
				520928B02BA6E9F100D2FEFE /* Sources */,
				520928B12BA6E9F100D2FEFE /* Frameworks */,
				520928B22BA6E9F100D2FEFE /* Resources */,
			);
			buildRules = (
			);
			dependencies = (
				520928B62BA6E9F100D2FEFE /* PBXTargetDependency */,
			);
			name = ChatMLXTests;
			productName = ChatMLXTests;
			productReference = 520928B42BA6E9F100D2FEFE /* ChatMLXTests.xctest */;
			productType = "com.apple.product-type.bundle.unit-test";
		};
		520928BD2BA6E9F100D2FEFE /* ChatMLXUITests */ = {
			isa = PBXNativeTarget;
			buildConfigurationList = 520928CE2BA6E9F100D2FEFE /* Build configuration list for PBXNativeTarget "ChatMLXUITests" */;
			buildPhases = (
				520928BA2BA6E9F100D2FEFE /* Sources */,
				520928BB2BA6E9F100D2FEFE /* Frameworks */,
				520928BC2BA6E9F100D2FEFE /* Resources */,
			);
			buildRules = (
			);
			dependencies = (
				520928C02BA6E9F100D2FEFE /* PBXTargetDependency */,
			);
			name = ChatMLXUITests;
			productName = ChatMLXUITests;
			productReference = 520928BE2BA6E9F100D2FEFE /* ChatMLXUITests.xctest */;
			productType = "com.apple.product-type.bundle.ui-testing";
		};
/* End PBXNativeTarget section */

/* Begin PBXProject section */
		520928992BA6E9F000D2FEFE /* Project object */ = {
			isa = PBXProject;
			attributes = {
				BuildIndependentTargetsInParallel = 1;
				LastSwiftUpdateCheck = 1530;
				LastUpgradeCheck = 1530;
				TargetAttributes = {
					520928A02BA6E9F000D2FEFE = {
						CreatedOnToolsVersion = 15.3;
					};
					520928B32BA6E9F100D2FEFE = {
						CreatedOnToolsVersion = 15.3;
						TestTargetID = 520928A02BA6E9F000D2FEFE;
					};
					520928BD2BA6E9F100D2FEFE = {
						CreatedOnToolsVersion = 15.3;
						TestTargetID = 520928A02BA6E9F000D2FEFE;
					};
				};
			};
			buildConfigurationList = 5209289C2BA6E9F000D2FEFE /* Build configuration list for PBXProject "ChatMLX" */;
			compatibilityVersion = "Xcode 14.0";
			developmentRegion = en;
			hasScannedForEncodings = 0;
			knownRegions = (
				en,
				Base,
			);
			mainGroup = 520928982BA6E9F000D2FEFE;
			packageReferences = (
				520929162BA6EA9D00D2FEFE /* XCRemoteSwiftPackageReference "CompactSlider" */,
				520929172BA6EAA700D2FEFE /* XCRemoteSwiftPackageReference "swift-markdown-ui" */,
				520929182BA6EAAF00D2FEFE /* XCRemoteSwiftPackageReference "swiftui-introspect" */,
				522B539F2BB4807700E71D37 /* XCLocalSwiftPackageReference "../swift-transformers" */,
				52FAAF872BBDB4EE00932FAB /* XCRemoteSwiftPackageReference "mlx-swift-examples" */,
				52E36BB92BC599A50014DFF0 /* XCRemoteSwiftPackageReference "AlertToast" */,
				52D079B62BC8408B00E778B4 /* XCRemoteSwiftPackageReference "splash" */,
			);
			productRefGroup = 520928A22BA6E9F000D2FEFE /* Products */;
			projectDirPath = "";
			projectRoot = "";
			targets = (
				520928A02BA6E9F000D2FEFE /* ChatMLX */,
				520928B32BA6E9F100D2FEFE /* ChatMLXTests */,
				520928BD2BA6E9F100D2FEFE /* ChatMLXUITests */,
			);
		};
/* End PBXProject section */

/* Begin PBXResourcesBuildPhase section */
		5209289F2BA6E9F000D2FEFE /* Resources */ = {
			isa = PBXResourcesBuildPhase;
			buildActionMask = 2147483647;
			files = (
				520928AE2BA6E9F100D2FEFE /* Preview Assets.xcassets in Resources */,
				520929132BA6EA4300D2FEFE /* Assets.xcassets in Resources */,
			);
			runOnlyForDeploymentPostprocessing = 0;
		};
		520928B22BA6E9F100D2FEFE /* Resources */ = {
			isa = PBXResourcesBuildPhase;
			buildActionMask = 2147483647;
			files = (
			);
			runOnlyForDeploymentPostprocessing = 0;
		};
		520928BC2BA6E9F100D2FEFE /* Resources */ = {
			isa = PBXResourcesBuildPhase;
			buildActionMask = 2147483647;
			files = (
			);
			runOnlyForDeploymentPostprocessing = 0;
		};
/* End PBXResourcesBuildPhase section */

/* Begin PBXSourcesBuildPhase section */
		5209289D2BA6E9F000D2FEFE /* Sources */ = {
			isa = PBXSourcesBuildPhase;
			buildActionMask = 2147483647;
			files = (
				523A76AA2BC2E22500B2CF82 /* PromptOutputView.swift in Sources */,
				523A76972BC2D08800B2CF82 /* AppViewModel.swift in Sources */,
				522310612BC2EE4E00031E96 /* ChatSidebarView.swift in Sources */,
				523A769B2BC2D80E00B2CF82 /* ContentView.swift in Sources */,
				523A76A02BC2DFA900B2CF82 /* PromptView.swift in Sources */,
				523A76A22BC2DFD300B2CF82 /* PromptViewModel.swift in Sources */,
				520929142BA6EA4300D2FEFE /* ModelUtility.swift in Sources */,
				520929002BA6EA4300D2FEFE /* View++.swift in Sources */,
				5209290D2BA6EA4300D2FEFE /* ModelsSettingsView.swift in Sources */,
				520929122BA6EA4300D2FEFE /* Preferences.swift in Sources */,
				5209290E2BA6EA4300D2FEFE /* SettingsForm.swift in Sources */,
				52D079BA2BC840BD00E778B4 /* TextOutputFormat.swift in Sources */,
				523A76932BC2CFFF00B2CF82 /* Featrue.swift in Sources */,
				520929112BA6EA4300D2FEFE /* HuggingfaceEndpoint.swift in Sources */,
				520928FE2BA6EA4300D2FEFE /* LabelledDivider.swift in Sources */,
				5223105F2BC2EDEF00031E96 /* MessageView.swift in Sources */,
				52D079B32BC6EC9F00E778B4 /* BlackButtonStyle.swift in Sources */,
				520928FD2BA6EA4300D2FEFE /* EffectView.swift in Sources */,
				52E36BB42BC41C400014DFF0 /* Load.swift in Sources */,
				520928F82BA6EA4300D2FEFE /* Conversation.swift in Sources */,
				520928FC2BA6EA4300D2FEFE /* ViewOffsetKey.swift in Sources */,
				52D079B52BC83F6A00E778B4 /* SplashCodeSyntaxHighlighter.swift in Sources */,
				523A76952BC2D06400B2CF82 /* SiderView.swift in Sources */,
				520928FF2BA6EA4300D2FEFE /* Binding++.swift in Sources */,
				520929012BA6EA4300D2FEFE /* ChatDetailView.swift in Sources */,
				5209290B2BA6EA4300D2FEFE /* ModelItemDetails.swift in Sources */,
				52E36BB02BC411740014DFF0 /* Tokenizer.swift in Sources */,
				520929022BA6EA4300D2FEFE /* ChatViewModel.swift in Sources */,
				520928F92BA6EA4300D2FEFE /* Message.swift in Sources */,
				520928FA2BA6EA4300D2FEFE /* MLXModel.swift in Sources */,
				522310652BC301DB00031E96 /* LLMGenerator.swift in Sources */,
				520928FB2BA6EA4300D2FEFE /* SettingsPage.swift in Sources */,
				5209290C2BA6EA4300D2FEFE /* ModelItemView.swift in Sources */,
				5264B9752BA6F22200B94330 /* ModelState.swift in Sources */,
				523A769D2BC2D84C00B2CF82 /* DetailView.swift in Sources */,
				520F599C2BCAC5AD005DCEE0 /* TableViewDelegate.swift in Sources */,
				523A76A82BC2E1D300B2CF82 /* PromptInputView.swift in Sources */,
				5209290F2BA6EA4300D2FEFE /* SettingsView.swift in Sources */,
				523A76A42BC2E0E200B2CF82 /* DisplayStyle.swift in Sources */,
				52E36BB82BC4401F0014DFF0 /* AppStroe.swift in Sources */,
				52E36BB22BC4120D0014DFF0 /* ChatMLXError.swift in Sources */,
				520F599A2BCA9C65005DCEE0 /* ChatSidebarItemView.swift in Sources */,
				52C8C8AD2BBE9EB1003AB09F /* SidebarButtonStyle.swift in Sources */,
				523A76A62BC2E19900B2CF82 /* TextEditorWithPlaceholder.swift in Sources */,
				527B74A32BBDBD4E00B01B5A /* AppView.swift in Sources */,
				523A76AC2BC2E26F00B2CF82 /* PromptParametersSheetView.swift in Sources */,
				5209290A2BA6EA4300D2FEFE /* HuggingfaceSettingsView.swift in Sources */,
				520928A52BA6E9F000D2FEFE /* ChatMLXApp.swift in Sources */,
				520929102BA6EA4300D2FEFE /* SettingsViewModel.swift in Sources */,
			);
			runOnlyForDeploymentPostprocessing = 0;
		};
		520928B02BA6E9F100D2FEFE /* Sources */ = {
			isa = PBXSourcesBuildPhase;
			buildActionMask = 2147483647;
			files = (
				520928B92BA6E9F100D2FEFE /* ChatMLXTests.swift in Sources */,
			);
			runOnlyForDeploymentPostprocessing = 0;
		};
		520928BA2BA6E9F100D2FEFE /* Sources */ = {
			isa = PBXSourcesBuildPhase;
			buildActionMask = 2147483647;
			files = (
				520928C52BA6E9F100D2FEFE /* ChatMLXUITestsLaunchTests.swift in Sources */,
				520928C32BA6E9F100D2FEFE /* ChatMLXUITests.swift in Sources */,
			);
			runOnlyForDeploymentPostprocessing = 0;
		};
/* End PBXSourcesBuildPhase section */

/* Begin PBXTargetDependency section */
		520928B62BA6E9F100D2FEFE /* PBXTargetDependency */ = {
			isa = PBXTargetDependency;
			target = 520928A02BA6E9F000D2FEFE /* ChatMLX */;
			targetProxy = 520928B52BA6E9F100D2FEFE /* PBXContainerItemProxy */;
		};
		520928C02BA6E9F100D2FEFE /* PBXTargetDependency */ = {
			isa = PBXTargetDependency;
			target = 520928A02BA6E9F000D2FEFE /* ChatMLX */;
			targetProxy = 520928BF2BA6E9F100D2FEFE /* PBXContainerItemProxy */;
		};
/* End PBXTargetDependency section */

/* Begin XCBuildConfiguration section */
		520928C62BA6E9F100D2FEFE /* Debug */ = {
			isa = XCBuildConfiguration;
			buildSettings = {
				ALWAYS_SEARCH_USER_PATHS = NO;
				ASSETCATALOG_COMPILER_GENERATE_SWIFT_ASSET_SYMBOL_EXTENSIONS = YES;
				CLANG_ANALYZER_NONNULL = YES;
				CLANG_ANALYZER_NUMBER_OBJECT_CONVERSION = YES_AGGRESSIVE;
				CLANG_CXX_LANGUAGE_STANDARD = "gnu++20";
				CLANG_ENABLE_MODULES = YES;
				CLANG_ENABLE_OBJC_ARC = YES;
				CLANG_ENABLE_OBJC_WEAK = YES;
				CLANG_WARN_BLOCK_CAPTURE_AUTORELEASING = YES;
				CLANG_WARN_BOOL_CONVERSION = YES;
				CLANG_WARN_COMMA = YES;
				CLANG_WARN_CONSTANT_CONVERSION = YES;
				CLANG_WARN_DEPRECATED_OBJC_IMPLEMENTATIONS = YES;
				CLANG_WARN_DIRECT_OBJC_ISA_USAGE = YES_ERROR;
				CLANG_WARN_DOCUMENTATION_COMMENTS = YES;
				CLANG_WARN_EMPTY_BODY = YES;
				CLANG_WARN_ENUM_CONVERSION = YES;
				CLANG_WARN_INFINITE_RECURSION = YES;
				CLANG_WARN_INT_CONVERSION = YES;
				CLANG_WARN_NON_LITERAL_NULL_CONVERSION = YES;
				CLANG_WARN_OBJC_IMPLICIT_RETAIN_SELF = YES;
				CLANG_WARN_OBJC_LITERAL_CONVERSION = YES;
				CLANG_WARN_OBJC_ROOT_CLASS = YES_ERROR;
				CLANG_WARN_QUOTED_INCLUDE_IN_FRAMEWORK_HEADER = YES;
				CLANG_WARN_RANGE_LOOP_ANALYSIS = YES;
				CLANG_WARN_STRICT_PROTOTYPES = YES;
				CLANG_WARN_SUSPICIOUS_MOVE = YES;
				CLANG_WARN_UNGUARDED_AVAILABILITY = YES_AGGRESSIVE;
				CLANG_WARN_UNREACHABLE_CODE = YES;
				CLANG_WARN__DUPLICATE_METHOD_MATCH = YES;
				COPY_PHASE_STRIP = NO;
				DEBUG_INFORMATION_FORMAT = dwarf;
				ENABLE_STRICT_OBJC_MSGSEND = YES;
				ENABLE_TESTABILITY = YES;
				ENABLE_USER_SCRIPT_SANDBOXING = YES;
				GCC_C_LANGUAGE_STANDARD = gnu17;
				GCC_DYNAMIC_NO_PIC = NO;
				GCC_NO_COMMON_BLOCKS = YES;
				GCC_OPTIMIZATION_LEVEL = 0;
				GCC_PREPROCESSOR_DEFINITIONS = (
					"DEBUG=1",
					"$(inherited)",
				);
				GCC_WARN_64_TO_32_BIT_CONVERSION = YES;
				GCC_WARN_ABOUT_RETURN_TYPE = YES_ERROR;
				GCC_WARN_UNDECLARED_SELECTOR = YES;
				GCC_WARN_UNINITIALIZED_AUTOS = YES_AGGRESSIVE;
				GCC_WARN_UNUSED_FUNCTION = YES;
				GCC_WARN_UNUSED_VARIABLE = YES;
				LOCALIZATION_PREFERS_STRING_CATALOGS = YES;
				MACOSX_DEPLOYMENT_TARGET = 14.0;
				MTL_ENABLE_DEBUG_INFO = INCLUDE_SOURCE;
				MTL_FAST_MATH = YES;
				ONLY_ACTIVE_ARCH = YES;
				SDKROOT = macosx;
				SWIFT_ACTIVE_COMPILATION_CONDITIONS = "DEBUG $(inherited)";
				SWIFT_OPTIMIZATION_LEVEL = "-Onone";
			};
			name = Debug;
		};
		520928C72BA6E9F100D2FEFE /* Release */ = {
			isa = XCBuildConfiguration;
			buildSettings = {
				ALWAYS_SEARCH_USER_PATHS = NO;
				ASSETCATALOG_COMPILER_GENERATE_SWIFT_ASSET_SYMBOL_EXTENSIONS = YES;
				CLANG_ANALYZER_NONNULL = YES;
				CLANG_ANALYZER_NUMBER_OBJECT_CONVERSION = YES_AGGRESSIVE;
				CLANG_CXX_LANGUAGE_STANDARD = "gnu++20";
				CLANG_ENABLE_MODULES = YES;
				CLANG_ENABLE_OBJC_ARC = YES;
				CLANG_ENABLE_OBJC_WEAK = YES;
				CLANG_WARN_BLOCK_CAPTURE_AUTORELEASING = YES;
				CLANG_WARN_BOOL_CONVERSION = YES;
				CLANG_WARN_COMMA = YES;
				CLANG_WARN_CONSTANT_CONVERSION = YES;
				CLANG_WARN_DEPRECATED_OBJC_IMPLEMENTATIONS = YES;
				CLANG_WARN_DIRECT_OBJC_ISA_USAGE = YES_ERROR;
				CLANG_WARN_DOCUMENTATION_COMMENTS = YES;
				CLANG_WARN_EMPTY_BODY = YES;
				CLANG_WARN_ENUM_CONVERSION = YES;
				CLANG_WARN_INFINITE_RECURSION = YES;
				CLANG_WARN_INT_CONVERSION = YES;
				CLANG_WARN_NON_LITERAL_NULL_CONVERSION = YES;
				CLANG_WARN_OBJC_IMPLICIT_RETAIN_SELF = YES;
				CLANG_WARN_OBJC_LITERAL_CONVERSION = YES;
				CLANG_WARN_OBJC_ROOT_CLASS = YES_ERROR;
				CLANG_WARN_QUOTED_INCLUDE_IN_FRAMEWORK_HEADER = YES;
				CLANG_WARN_RANGE_LOOP_ANALYSIS = YES;
				CLANG_WARN_STRICT_PROTOTYPES = YES;
				CLANG_WARN_SUSPICIOUS_MOVE = YES;
				CLANG_WARN_UNGUARDED_AVAILABILITY = YES_AGGRESSIVE;
				CLANG_WARN_UNREACHABLE_CODE = YES;
				CLANG_WARN__DUPLICATE_METHOD_MATCH = YES;
				COPY_PHASE_STRIP = NO;
				DEBUG_INFORMATION_FORMAT = "dwarf-with-dsym";
				ENABLE_NS_ASSERTIONS = NO;
				ENABLE_STRICT_OBJC_MSGSEND = YES;
				ENABLE_USER_SCRIPT_SANDBOXING = YES;
				GCC_C_LANGUAGE_STANDARD = gnu17;
				GCC_NO_COMMON_BLOCKS = YES;
				GCC_WARN_64_TO_32_BIT_CONVERSION = YES;
				GCC_WARN_ABOUT_RETURN_TYPE = YES_ERROR;
				GCC_WARN_UNDECLARED_SELECTOR = YES;
				GCC_WARN_UNINITIALIZED_AUTOS = YES_AGGRESSIVE;
				GCC_WARN_UNUSED_FUNCTION = YES;
				GCC_WARN_UNUSED_VARIABLE = YES;
				LOCALIZATION_PREFERS_STRING_CATALOGS = YES;
				MACOSX_DEPLOYMENT_TARGET = 14.0;
				MTL_ENABLE_DEBUG_INFO = NO;
				MTL_FAST_MATH = YES;
				SDKROOT = macosx;
				SWIFT_COMPILATION_MODE = wholemodule;
			};
			name = Release;
		};
		520928C92BA6E9F100D2FEFE /* Debug */ = {
			isa = XCBuildConfiguration;
			buildSettings = {
				ALWAYS_EMBED_SWIFT_STANDARD_LIBRARIES = YES;
				ASSETCATALOG_COMPILER_APPICON_NAME = AppIcon;
				ASSETCATALOG_COMPILER_GLOBAL_ACCENT_COLOR_NAME = AccentColor;
				CODE_SIGN_ENTITLEMENTS = ChatMLX/Resources/ChatMLX.entitlements;
				"CODE_SIGN_IDENTITY[sdk=macosx*]" = "Apple Development";
				CODE_SIGN_STYLE = Automatic;
				COMBINE_HIDPI_IMAGES = YES;
				CURRENT_PROJECT_VERSION = 1;
				DEVELOPMENT_ASSET_PATHS = "\"ChatMLX/Preview Content\"";
				DEVELOPMENT_TEAM = RFGFKQEKRH;
				ENABLE_PREVIEWS = YES;
				GENERATE_INFOPLIST_FILE = YES;
				INFOPLIST_KEY_NSHumanReadableCopyright = "";
				LD_RUNPATH_SEARCH_PATHS = (
					"$(inherited)",
					"@executable_path/../Frameworks",
				);
				MACOSX_DEPLOYMENT_TARGET = 14.0;
				MARKETING_VERSION = 1.0;
				PRODUCT_BUNDLE_IDENTIFIER = top.johnmai.ChatMLX;
				PRODUCT_NAME = "$(TARGET_NAME)";
				SWIFT_EMIT_LOC_STRINGS = YES;
				SWIFT_VERSION = 5.0;
			};
			name = Debug;
		};
		520928CA2BA6E9F100D2FEFE /* Release */ = {
			isa = XCBuildConfiguration;
			buildSettings = {
				ALWAYS_EMBED_SWIFT_STANDARD_LIBRARIES = YES;
				ASSETCATALOG_COMPILER_APPICON_NAME = AppIcon;
				ASSETCATALOG_COMPILER_GLOBAL_ACCENT_COLOR_NAME = AccentColor;
				CODE_SIGN_ENTITLEMENTS = ChatMLX/Resources/ChatMLX.entitlements;
				"CODE_SIGN_IDENTITY[sdk=macosx*]" = "Apple Development";
				CODE_SIGN_STYLE = Automatic;
				COMBINE_HIDPI_IMAGES = YES;
				CURRENT_PROJECT_VERSION = 1;
				DEVELOPMENT_ASSET_PATHS = "\"ChatMLX/Preview Content\"";
				DEVELOPMENT_TEAM = RFGFKQEKRH;
				ENABLE_PREVIEWS = YES;
				GENERATE_INFOPLIST_FILE = YES;
				INFOPLIST_KEY_NSHumanReadableCopyright = "";
				LD_RUNPATH_SEARCH_PATHS = (
					"$(inherited)",
					"@executable_path/../Frameworks",
				);
				MACOSX_DEPLOYMENT_TARGET = 14.0;
				MARKETING_VERSION = 1.0;
				PRODUCT_BUNDLE_IDENTIFIER = top.johnmai.ChatMLX;
				PRODUCT_NAME = "$(TARGET_NAME)";
				SWIFT_EMIT_LOC_STRINGS = YES;
				SWIFT_VERSION = 5.0;
			};
			name = Release;
		};
		520928CC2BA6E9F100D2FEFE /* Debug */ = {
			isa = XCBuildConfiguration;
			buildSettings = {
				ALWAYS_EMBED_SWIFT_STANDARD_LIBRARIES = YES;
				BUNDLE_LOADER = "$(TEST_HOST)";
				CODE_SIGN_STYLE = Automatic;
				CURRENT_PROJECT_VERSION = 1;
				GENERATE_INFOPLIST_FILE = YES;
				MACOSX_DEPLOYMENT_TARGET = 14.0;
				MARKETING_VERSION = 1.0;
				PRODUCT_BUNDLE_IDENTIFIER = top.johnmai.ChatMLXTests;
				PRODUCT_NAME = "$(TARGET_NAME)";
				SWIFT_EMIT_LOC_STRINGS = NO;
				SWIFT_VERSION = 5.0;
				TEST_HOST = "$(BUILT_PRODUCTS_DIR)/ChatMLX.app/$(BUNDLE_EXECUTABLE_FOLDER_PATH)/ChatMLX";
			};
			name = Debug;
		};
		520928CD2BA6E9F100D2FEFE /* Release */ = {
			isa = XCBuildConfiguration;
			buildSettings = {
				ALWAYS_EMBED_SWIFT_STANDARD_LIBRARIES = YES;
				BUNDLE_LOADER = "$(TEST_HOST)";
				CODE_SIGN_STYLE = Automatic;
				CURRENT_PROJECT_VERSION = 1;
				GENERATE_INFOPLIST_FILE = YES;
				MACOSX_DEPLOYMENT_TARGET = 14.0;
				MARKETING_VERSION = 1.0;
				PRODUCT_BUNDLE_IDENTIFIER = top.johnmai.ChatMLXTests;
				PRODUCT_NAME = "$(TARGET_NAME)";
				SWIFT_EMIT_LOC_STRINGS = NO;
				SWIFT_VERSION = 5.0;
				TEST_HOST = "$(BUILT_PRODUCTS_DIR)/ChatMLX.app/$(BUNDLE_EXECUTABLE_FOLDER_PATH)/ChatMLX";
			};
			name = Release;
		};
		520928CF2BA6E9F100D2FEFE /* Debug */ = {
			isa = XCBuildConfiguration;
			buildSettings = {
				ALWAYS_EMBED_SWIFT_STANDARD_LIBRARIES = YES;
				CODE_SIGN_STYLE = Automatic;
				CURRENT_PROJECT_VERSION = 1;
				GENERATE_INFOPLIST_FILE = YES;
				MARKETING_VERSION = 1.0;
				PRODUCT_BUNDLE_IDENTIFIER = top.johnmai.ChatMLXUITests;
				PRODUCT_NAME = "$(TARGET_NAME)";
				SWIFT_EMIT_LOC_STRINGS = NO;
				SWIFT_VERSION = 5.0;
				TEST_TARGET_NAME = ChatMLX;
			};
			name = Debug;
		};
		520928D02BA6E9F100D2FEFE /* Release */ = {
			isa = XCBuildConfiguration;
			buildSettings = {
				ALWAYS_EMBED_SWIFT_STANDARD_LIBRARIES = YES;
				CODE_SIGN_STYLE = Automatic;
				CURRENT_PROJECT_VERSION = 1;
				GENERATE_INFOPLIST_FILE = YES;
				MARKETING_VERSION = 1.0;
				PRODUCT_BUNDLE_IDENTIFIER = top.johnmai.ChatMLXUITests;
				PRODUCT_NAME = "$(TARGET_NAME)";
				SWIFT_EMIT_LOC_STRINGS = NO;
				SWIFT_VERSION = 5.0;
				TEST_TARGET_NAME = ChatMLX;
			};
			name = Release;
		};
/* End XCBuildConfiguration section */

/* Begin XCConfigurationList section */
		5209289C2BA6E9F000D2FEFE /* Build configuration list for PBXProject "ChatMLX" */ = {
			isa = XCConfigurationList;
			buildConfigurations = (
				520928C62BA6E9F100D2FEFE /* Debug */,
				520928C72BA6E9F100D2FEFE /* Release */,
			);
			defaultConfigurationIsVisible = 0;
			defaultConfigurationName = Release;
		};
		520928C82BA6E9F100D2FEFE /* Build configuration list for PBXNativeTarget "ChatMLX" */ = {
			isa = XCConfigurationList;
			buildConfigurations = (
				520928C92BA6E9F100D2FEFE /* Debug */,
				520928CA2BA6E9F100D2FEFE /* Release */,
			);
			defaultConfigurationIsVisible = 0;
			defaultConfigurationName = Release;
		};
		520928CB2BA6E9F100D2FEFE /* Build configuration list for PBXNativeTarget "ChatMLXTests" */ = {
			isa = XCConfigurationList;
			buildConfigurations = (
				520928CC2BA6E9F100D2FEFE /* Debug */,
				520928CD2BA6E9F100D2FEFE /* Release */,
			);
			defaultConfigurationIsVisible = 0;
			defaultConfigurationName = Release;
		};
		520928CE2BA6E9F100D2FEFE /* Build configuration list for PBXNativeTarget "ChatMLXUITests" */ = {
			isa = XCConfigurationList;
			buildConfigurations = (
				520928CF2BA6E9F100D2FEFE /* Debug */,
				520928D02BA6E9F100D2FEFE /* Release */,
			);
			defaultConfigurationIsVisible = 0;
			defaultConfigurationName = Release;
		};
/* End XCConfigurationList section */

/* Begin XCLocalSwiftPackageReference section */
		522B539F2BB4807700E71D37 /* XCLocalSwiftPackageReference "../swift-transformers" */ = {
			isa = XCLocalSwiftPackageReference;
			relativePath = "../swift-transformers";
		};
/* End XCLocalSwiftPackageReference section */

/* Begin XCRemoteSwiftPackageReference section */
		520929162BA6EA9D00D2FEFE /* XCRemoteSwiftPackageReference "CompactSlider" */ = {
			isa = XCRemoteSwiftPackageReference;
			repositoryURL = "https://github.com/buh/CompactSlider.git";
			requirement = {
				kind = upToNextMajorVersion;
				minimumVersion = 1.1.5;
			};
		};
		520929172BA6EAA700D2FEFE /* XCRemoteSwiftPackageReference "swift-markdown-ui" */ = {
			isa = XCRemoteSwiftPackageReference;
			repositoryURL = "https://github.com/gonzalezreal/swift-markdown-ui.git";
			requirement = {
				kind = upToNextMajorVersion;
				minimumVersion = 2.3.0;
			};
		};
		520929182BA6EAAF00D2FEFE /* XCRemoteSwiftPackageReference "swiftui-introspect" */ = {
			isa = XCRemoteSwiftPackageReference;
			repositoryURL = "https://github.com/siteline/swiftui-introspect.git";
			requirement = {
				kind = upToNextMajorVersion;
				minimumVersion = 1.1.3;
			};
		};
		52D079B62BC8408B00E778B4 /* XCRemoteSwiftPackageReference "splash" */ = {
			isa = XCRemoteSwiftPackageReference;
			repositoryURL = "https://github.com/johnsundell/splash.git";
			requirement = {
				kind = upToNextMajorVersion;
				minimumVersion = 0.16.0;
			};
		};
		52E36BB92BC599A50014DFF0 /* XCRemoteSwiftPackageReference "AlertToast" */ = {
			isa = XCRemoteSwiftPackageReference;
			repositoryURL = "https://github.com/elai950/AlertToast.git";
			requirement = {
				kind = upToNextMajorVersion;
				minimumVersion = 1.3.9;
			};
		};
		52FAAF872BBDB4EE00932FAB /* XCRemoteSwiftPackageReference "mlx-swift-examples" */ = {
			isa = XCRemoteSwiftPackageReference;
			repositoryURL = "https://github.com/ml-explore/mlx-swift-examples/";
			requirement = {
				branch = main;
				kind = branch;
			};
		};
/* End XCRemoteSwiftPackageReference section */

/* Begin XCSwiftPackageProductDependency section */
		5209291C2BA6EABD00D2FEFE /* CompactSlider */ = {
			isa = XCSwiftPackageProductDependency;
			package = 520929162BA6EA9D00D2FEFE /* XCRemoteSwiftPackageReference "CompactSlider" */;
			productName = CompactSlider;
		};
		5209291E2BA6EABD00D2FEFE /* MarkdownUI */ = {
			isa = XCSwiftPackageProductDependency;
			package = 520929172BA6EAA700D2FEFE /* XCRemoteSwiftPackageReference "swift-markdown-ui" */;
			productName = MarkdownUI;
		};
		520929202BA6EABD00D2FEFE /* SwiftUIIntrospect */ = {
			isa = XCSwiftPackageProductDependency;
			package = 520929182BA6EAAF00D2FEFE /* XCRemoteSwiftPackageReference "swiftui-introspect" */;
			productName = SwiftUIIntrospect;
		};
		52D079B72BC8408B00E778B4 /* Splash */ = {
			isa = XCSwiftPackageProductDependency;
			package = 52D079B62BC8408B00E778B4 /* XCRemoteSwiftPackageReference "splash" */;
			productName = Splash;
		};
		52E36BB52BC41E050014DFF0 /* LLM */ = {
			isa = XCSwiftPackageProductDependency;
			package = 52FAAF872BBDB4EE00932FAB /* XCRemoteSwiftPackageReference "mlx-swift-examples" */;
			productName = LLM;
		};
		52E36BBA2BC59A560014DFF0 /* AlertToast */ = {
			isa = XCSwiftPackageProductDependency;
			package = 52E36BB92BC599A50014DFF0 /* XCRemoteSwiftPackageReference "AlertToast" */;
			productName = AlertToast;
		};
		52EDE9032BB4810700DBEB93 /* Transformers */ = {
			isa = XCSwiftPackageProductDependency;
			package = 522B539F2BB4807700E71D37 /* XCLocalSwiftPackageReference "../swift-transformers" */;
			productName = Transformers;
		};
/* End XCSwiftPackageProductDependency section */
	};
	rootObject = 520928992BA6E9F000D2FEFE /* Project object */;
}
